// !$*UTF8*$!
{
	archiveVersion = 1;
	classes = {
	};
	objectVersion = 55;
	objects = {

/* Begin PBXBuildFile section */
		3C94044D28C62C2000359120 /* main.swift in Sources */ = {isa = PBXBuildFile; fileRef = 3C94044C28C62C2000359120 /* main.swift */; };
		3C94045A28C62C3B00359120 /* ProjectWithMutateInSiblingFolderTests.swift in Sources */ = {isa = PBXBuildFile; fileRef = 3C94045928C62C3B00359120 /* ProjectWithMutateInSiblingFolderTests.swift */; };
		3C94045E28C62DCA00359120 /* main.swift in Sources */ = {isa = PBXBuildFile; fileRef = 3C94044C28C62C2000359120 /* main.swift */; };
/* End PBXBuildFile section */

/* Begin PBXCopyFilesBuildPhase section */
		3C94044728C62C2000359120 /* CopyFiles */ = {
			isa = PBXCopyFilesBuildPhase;
			buildActionMask = 2147483647;
			dstPath = /usr/share/man/man1/;
			dstSubfolderSpec = 0;
			files = (
			);
			runOnlyForDeploymentPostprocessing = 1;
		};
/* End PBXCopyFilesBuildPhase section */

/* Begin PBXFileReference section */
		3C94044928C62C2000359120 /* ProjectWithMutateInSiblingFolder */ = {isa = PBXFileReference; explicitFileType = "compiled.mach-o.executable"; includeInIndex = 0; path = ProjectWithMutateInSiblingFolder; sourceTree = BUILT_PRODUCTS_DIR; };
		3C94044C28C62C2000359120 /* main.swift */ = {isa = PBXFileReference; lastKnownFileType = sourcecode.swift; path = main.swift; sourceTree = "<group>"; };
		3C94045728C62C3B00359120 /* ProjectWithMutateInSiblingFolderTests.xctest */ = {isa = PBXFileReference; explicitFileType = wrapper.cfbundle; includeInIndex = 0; path = ProjectWithMutateInSiblingFolderTests.xctest; sourceTree = BUILT_PRODUCTS_DIR; };
		3C94045928C62C3B00359120 /* ProjectWithMutateInSiblingFolderTests.swift */ = {isa = PBXFileReference; lastKnownFileType = sourcecode.swift; path = ProjectWithMutateInSiblingFolderTests.swift; sourceTree = "<group>"; };
/* End PBXFileReference section */

/* Begin PBXFrameworksBuildPhase section */
		3C94044628C62C2000359120 /* Frameworks */ = {
			isa = PBXFrameworksBuildPhase;
			buildActionMask = 2147483647;
			files = (
			);
			runOnlyForDeploymentPostprocessing = 0;
		};
		3C94045428C62C3B00359120 /* Frameworks */ = {
			isa = PBXFrameworksBuildPhase;
			buildActionMask = 2147483647;
			files = (
			);
			runOnlyForDeploymentPostprocessing = 0;
		};
/* End PBXFrameworksBuildPhase section */

/* Begin PBXGroup section */
		3C94044028C62C2000359120 = {
			isa = PBXGroup;
			children = (
				3C94044B28C62C2000359120 /* ProjectWithMutateInSiblingFolder */,
				3C94045828C62C3B00359120 /* ProjectWithMutateInSiblingFolderTests */,
				3C94044A28C62C2000359120 /* Products */,
			);
			sourceTree = "<group>";
		};
		3C94044A28C62C2000359120 /* Products */ = {
			isa = PBXGroup;
			children = (
				3C94044928C62C2000359120 /* ProjectWithMutateInSiblingFolder */,
				3C94045728C62C3B00359120 /* ProjectWithMutateInSiblingFolderTests.xctest */,
			);
			name = Products;
			sourceTree = "<group>";
		};
		3C94044B28C62C2000359120 /* ProjectWithMutateInSiblingFolder */ = {
			isa = PBXGroup;
			children = (
				3C94044C28C62C2000359120 /* main.swift */,
			);
			path = ProjectWithMutateInSiblingFolder;
			sourceTree = "<group>";
		};
		3C94045828C62C3B00359120 /* ProjectWithMutateInSiblingFolderTests */ = {
			isa = PBXGroup;
			children = (
				3C94045928C62C3B00359120 /* ProjectWithMutateInSiblingFolderTests.swift */,
			);
			path = ProjectWithMutateInSiblingFolderTests;
			sourceTree = "<group>";
		};
/* End PBXGroup section */

/* Begin PBXNativeTarget section */
		3C94044828C62C2000359120 /* ProjectWithMutateInSiblingFolder */ = {
			isa = PBXNativeTarget;
			buildConfigurationList = 3C94045028C62C2000359120 /* Build configuration list for PBXNativeTarget "ProjectWithMutateInSiblingFolder" */;
			buildPhases = (
				3C94044528C62C2000359120 /* Sources */,
				3C94044628C62C2000359120 /* Frameworks */,
				3C94044728C62C2000359120 /* CopyFiles */,
			);
			buildRules = (
			);
			dependencies = (
			);
			name = ProjectWithMutateInSiblingFolder;
			productName = ProjectWithMutateInSiblingFolder;
			productReference = 3C94044928C62C2000359120 /* ProjectWithMutateInSiblingFolder */;
			productType = "com.apple.product-type.tool";
		};
		3C94045628C62C3B00359120 /* ProjectWithMutateInSiblingFolderTests */ = {
			isa = PBXNativeTarget;
			buildConfigurationList = 3C94045B28C62C3B00359120 /* Build configuration list for PBXNativeTarget "ProjectWithMutateInSiblingFolderTests" */;
			buildPhases = (
				3C94045328C62C3B00359120 /* Sources */,
				3C94045428C62C3B00359120 /* Frameworks */,
				3C94045528C62C3B00359120 /* Resources */,
			);
			buildRules = (
			);
			dependencies = (
			);
			name = ProjectWithMutateInSiblingFolderTests;
			productName = ProjectWithMutateInSiblingFolderTests;
			productReference = 3C94045728C62C3B00359120 /* ProjectWithMutateInSiblingFolderTests.xctest */;
			productType = "com.apple.product-type.bundle.unit-test";
		};
/* End PBXNativeTarget section */

/* Begin PBXProject section */
		3C94044128C62C2000359120 /* Project object */ = {
			isa = PBXProject;
			attributes = {
				BuildIndependentTargetsInParallel = 1;
				LastSwiftUpdateCheck = 1340;
				LastUpgradeCheck = 1340;
				TargetAttributes = {
					3C94044828C62C2000359120 = {
						CreatedOnToolsVersion = 13.4.1;
					};
					3C94045628C62C3B00359120 = {
						CreatedOnToolsVersion = 13.4.1;
					};
				};
			};
			buildConfigurationList = 3C94044428C62C2000359120 /* Build configuration list for PBXProject "ProjectWithMutateInSiblingFolder" */;
			compatibilityVersion = "Xcode 13.0";
			developmentRegion = en;
			hasScannedForEncodings = 0;
			knownRegions = (
				en,
				Base,
			);
			mainGroup = 3C94044028C62C2000359120;
			productRefGroup = 3C94044A28C62C2000359120 /* Products */;
			projectDirPath = "";
			projectRoot = "";
			targets = (
				3C94044828C62C2000359120 /* ProjectWithMutateInSiblingFolder */,
				3C94045628C62C3B00359120 /* ProjectWithMutateInSiblingFolderTests */,
			);
		};
/* End PBXProject section */

/* Begin PBXResourcesBuildPhase section */
		3C94045528C62C3B00359120 /* Resources */ = {
			isa = PBXResourcesBuildPhase;
			buildActionMask = 2147483647;
			files = (
			);
			runOnlyForDeploymentPostprocessing = 0;
		};
/* End PBXResourcesBuildPhase section */

/* Begin PBXSourcesBuildPhase section */
		3C94044528C62C2000359120 /* Sources */ = {
			isa = PBXSourcesBuildPhase;
			buildActionMask = 2147483647;
			files = (
				3C94044D28C62C2000359120 /* main.swift in Sources */,
			);
			runOnlyForDeploymentPostprocessing = 0;
		};
		3C94045328C62C3B00359120 /* Sources */ = {
			isa = PBXSourcesBuildPhase;
			buildActionMask = 2147483647;
			files = (
				3C94045E28C62DCA00359120 /* main.swift in Sources */,
				3C94045A28C62C3B00359120 /* ProjectWithMutateInSiblingFolderTests.swift in Sources */,
			);
			runOnlyForDeploymentPostprocessing = 0;
		};
/* End PBXSourcesBuildPhase section */

/* Begin XCBuildConfiguration section */
		3C94044E28C62C2000359120 /* Debug */ = {
			isa = XCBuildConfiguration;
			buildSettings = {
				ALWAYS_SEARCH_USER_PATHS = NO;
				CLANG_ANALYZER_NONNULL = YES;
				CLANG_ANALYZER_NUMBER_OBJECT_CONVERSION = YES_AGGRESSIVE;
				CLANG_CXX_LANGUAGE_STANDARD = "gnu++17";
				CLANG_ENABLE_MODULES = YES;
				CLANG_ENABLE_OBJC_ARC = YES;
				CLANG_ENABLE_OBJC_WEAK = YES;
				CLANG_WARN_BLOCK_CAPTURE_AUTORELEASING = YES;
				CLANG_WARN_BOOL_CONVERSION = YES;
				CLANG_WARN_COMMA = YES;
				CLANG_WARN_CONSTANT_CONVERSION = YES;
				CLANG_WARN_DEPRECATED_OBJC_IMPLEMENTATIONS = YES;
				CLANG_WARN_DIRECT_OBJC_ISA_USAGE = YES_ERROR;
				CLANG_WARN_DOCUMENTATION_COMMENTS = YES;
				CLANG_WARN_EMPTY_BODY = YES;
				CLANG_WARN_ENUM_CONVERSION = YES;
				CLANG_WARN_INFINITE_RECURSION = YES;
				CLANG_WARN_INT_CONVERSION = YES;
				CLANG_WARN_NON_LITERAL_NULL_CONVERSION = YES;
				CLANG_WARN_OBJC_IMPLICIT_RETAIN_SELF = YES;
				CLANG_WARN_OBJC_LITERAL_CONVERSION = YES;
				CLANG_WARN_OBJC_ROOT_CLASS = YES_ERROR;
				CLANG_WARN_QUOTED_INCLUDE_IN_FRAMEWORK_HEADER = YES;
				CLANG_WARN_RANGE_LOOP_ANALYSIS = YES;
				CLANG_WARN_STRICT_PROTOTYPES = YES;
				CLANG_WARN_SUSPICIOUS_MOVE = YES;
				CLANG_WARN_UNGUARDED_AVAILABILITY = YES_AGGRESSIVE;
				CLANG_WARN_UNREACHABLE_CODE = YES;
				CLANG_WARN__DUPLICATE_METHOD_MATCH = YES;
				COPY_PHASE_STRIP = NO;
				DEBUG_INFORMATION_FORMAT = dwarf;
				ENABLE_STRICT_OBJC_MSGSEND = YES;
				ENABLE_TESTABILITY = YES;
				GCC_C_LANGUAGE_STANDARD = gnu11;
				GCC_DYNAMIC_NO_PIC = NO;
				GCC_NO_COMMON_BLOCKS = YES;
				GCC_OPTIMIZATION_LEVEL = 0;
				GCC_PREPROCESSOR_DEFINITIONS = (
					"DEBUG=1",
					"$(inherited)",
				);
				GCC_WARN_64_TO_32_BIT_CONVERSION = YES;
				GCC_WARN_ABOUT_RETURN_TYPE = YES_ERROR;
				GCC_WARN_UNDECLARED_SELECTOR = YES;
				GCC_WARN_UNINITIALIZED_AUTOS = YES_AGGRESSIVE;
				GCC_WARN_UNUSED_FUNCTION = YES;
				GCC_WARN_UNUSED_VARIABLE = YES;
				MACOSX_DEPLOYMENT_TARGET = 12.3;
				MTL_ENABLE_DEBUG_INFO = INCLUDE_SOURCE;
				MTL_FAST_MATH = YES;
				ONLY_ACTIVE_ARCH = YES;
				SDKROOT = macosx;
				SWIFT_ACTIVE_COMPILATION_CONDITIONS = DEBUG;
				SWIFT_OPTIMIZATION_LEVEL = "-Onone";
			};
			name = Debug;
		};
		3C94044F28C62C2000359120 /* Release */ = {
			isa = XCBuildConfiguration;
			buildSettings = {
				ALWAYS_SEARCH_USER_PATHS = NO;
				CLANG_ANALYZER_NONNULL = YES;
				CLANG_ANALYZER_NUMBER_OBJECT_CONVERSION = YES_AGGRESSIVE;
				CLANG_CXX_LANGUAGE_STANDARD = "gnu++17";
				CLANG_ENABLE_MODULES = YES;
				CLANG_ENABLE_OBJC_ARC = YES;
				CLANG_ENABLE_OBJC_WEAK = YES;
				CLANG_WARN_BLOCK_CAPTURE_AUTORELEASING = YES;
				CLANG_WARN_BOOL_CONVERSION = YES;
				CLANG_WARN_COMMA = YES;
				CLANG_WARN_CONSTANT_CONVERSION = YES;
				CLANG_WARN_DEPRECATED_OBJC_IMPLEMENTATIONS = YES;
				CLANG_WARN_DIRECT_OBJC_ISA_USAGE = YES_ERROR;
				CLANG_WARN_DOCUMENTATION_COMMENTS = YES;
				CLANG_WARN_EMPTY_BODY = YES;
				CLANG_WARN_ENUM_CONVERSION = YES;
				CLANG_WARN_INFINITE_RECURSION = YES;
				CLANG_WARN_INT_CONVERSION = YES;
				CLANG_WARN_NON_LITERAL_NULL_CONVERSION = YES;
				CLANG_WARN_OBJC_IMPLICIT_RETAIN_SELF = YES;
				CLANG_WARN_OBJC_LITERAL_CONVERSION = YES;
				CLANG_WARN_OBJC_ROOT_CLASS = YES_ERROR;
				CLANG_WARN_QUOTED_INCLUDE_IN_FRAMEWORK_HEADER = YES;
				CLANG_WARN_RANGE_LOOP_ANALYSIS = YES;
				CLANG_WARN_STRICT_PROTOTYPES = YES;
				CLANG_WARN_SUSPICIOUS_MOVE = YES;
				CLANG_WARN_UNGUARDED_AVAILABILITY = YES_AGGRESSIVE;
				CLANG_WARN_UNREACHABLE_CODE = YES;
				CLANG_WARN__DUPLICATE_METHOD_MATCH = YES;
				COPY_PHASE_STRIP = NO;
				DEBUG_INFORMATION_FORMAT = "dwarf-with-dsym";
				ENABLE_NS_ASSERTIONS = NO;
				ENABLE_STRICT_OBJC_MSGSEND = YES;
				GCC_C_LANGUAGE_STANDARD = gnu11;
				GCC_NO_COMMON_BLOCKS = YES;
				GCC_WARN_64_TO_32_BIT_CONVERSION = YES;
				GCC_WARN_ABOUT_RETURN_TYPE = YES_ERROR;
				GCC_WARN_UNDECLARED_SELECTOR = YES;
				GCC_WARN_UNINITIALIZED_AUTOS = YES_AGGRESSIVE;
				GCC_WARN_UNUSED_FUNCTION = YES;
				GCC_WARN_UNUSED_VARIABLE = YES;
				MACOSX_DEPLOYMENT_TARGET = 12.3;
				MTL_ENABLE_DEBUG_INFO = NO;
				MTL_FAST_MATH = YES;
				SDKROOT = macosx;
				SWIFT_COMPILATION_MODE = wholemodule;
				SWIFT_OPTIMIZATION_LEVEL = "-O";
			};
			name = Release;
		};
		3C94045128C62C2000359120 /* Debug */ = {
			isa = XCBuildConfiguration;
			buildSettings = {
				CODE_SIGN_STYLE = Automatic;
				PRODUCT_NAME = "$(TARGET_NAME)";
				SWIFT_VERSION = 5.0;
			};
			name = Debug;
		};
		3C94045228C62C2000359120 /* Release */ = {
			isa = XCBuildConfiguration;
			buildSettings = {
				CODE_SIGN_STYLE = Automatic;
				PRODUCT_NAME = "$(TARGET_NAME)";
				SWIFT_VERSION = 5.0;
			};
			name = Release;
		};
		3C94045C28C62C3B00359120 /* Debug */ = {
			isa = XCBuildConfiguration;
			buildSettings = {
				CODE_SIGN_STYLE = Automatic;
				CURRENT_PROJECT_VERSION = 1;
				GENERATE_INFOPLIST_FILE = YES;
				MARKETING_VERSION = 1.0;
				PRODUCT_BUNDLE_IDENTIFIER = muter.ProjectWithMutateInSiblingFolderTests;
				PRODUCT_NAME = "$(TARGET_NAME)";
				SWIFT_EMIT_LOC_STRINGS = NO;
				SWIFT_VERSION = 5.0;
			};
			name = Debug;
		};
		3C94045D28C62C3B00359120 /* Release */ = {
			isa = XCBuildConfiguration;
			buildSettings = {
				CODE_SIGN_STYLE = Automatic;
				CURRENT_PROJECT_VERSION = 1;
				GENERATE_INFOPLIST_FILE = YES;
				MARKETING_VERSION = 1.0;
				PRODUCT_BUNDLE_IDENTIFIER = muter.ProjectWithMutateInSiblingFolderTests;
				PRODUCT_NAME = "$(TARGET_NAME)";
				SWIFT_EMIT_LOC_STRINGS = NO;
				SWIFT_VERSION = 5.0;
			};
			name = Release;
		};
/* End XCBuildConfiguration section */

/* Begin XCConfigurationList section */
		3C94044428C62C2000359120 /* Build configuration list for PBXProject "ProjectWithMutateInSiblingFolder" */ = {
			isa = XCConfigurationList;
			buildConfigurations = (
				3C94044E28C62C2000359120 /* Debug */,
				3C94044F28C62C2000359120 /* Release */,
			);
			defaultConfigurationIsVisible = 0;
			defaultConfigurationName = Release;
		};
		3C94045028C62C2000359120 /* Build configuration list for PBXNativeTarget "ProjectWithMutateInSiblingFolder" */ = {
			isa = XCConfigurationList;
			buildConfigurations = (
				3C94045128C62C2000359120 /* Debug */,
				3C94045228C62C2000359120 /* Release */,
			);
			defaultConfigurationIsVisible = 0;
			defaultConfigurationName = Release;
		};
		3C94045B28C62C3B00359120 /* Build configuration list for PBXNativeTarget "ProjectWithMutateInSiblingFolderTests" */ = {
			isa = XCConfigurationList;
			buildConfigurations = (
				3C94045C28C62C3B00359120 /* Debug */,
				3C94045D28C62C3B00359120 /* Release */,
			);
			defaultConfigurationIsVisible = 0;
			defaultConfigurationName = Release;
		};
/* End XCConfigurationList section */
	};
	rootObject = 3C94044128C62C2000359120 /* Project object */;
}
