// !$*UTF8*$!
{
	archiveVersion = 1;
	classes = {
	};
	objectVersion = 50;
	objects = {

/* Begin PBXAggregateTarget section */
		9DAD784C225E482400E11AE6 /* Mutation Test */ = {
			isa = PBXAggregateTarget;
			buildConfigurationList = 9DAD784F225E482400E11AE6 /* Build configuration list for PBXAggregateTarget "Mutation Test" */;
			buildPhases = (
				9DAD7850225E482900E11AE6 /* ShellScript */,
			);
			dependencies = (
			);
			name = "Mutation Test";
			productName = "Mutation Test";
		};
/* End PBXAggregateTarget section */

/* Begin PBXBuildFile section */
		9D13CAC8218FC9F800DB1FDA /* AppDelegate.swift in Sources */ = {isa = PBXBuildFile; fileRef = 9D13CAC7218FC9F800DB1FDA /* AppDelegate.swift */; };
		9D13CACA218FC9F800DB1FDA /* ViewController.swift in Sources */ = {isa = PBXBuildFile; fileRef = 9D13CAC9218FC9F800DB1FDA /* ViewController.swift */; };
		9D13CACD218FC9F800DB1FDA /* Main.storyboard in Resources */ = {isa = PBXBuildFile; fileRef = 9D13CACB218FC9F800DB1FDA /* Main.storyboard */; };
		9D13CACF218FC9FA00DB1FDA /* Assets.xcassets in Resources */ = {isa = PBXBuildFile; fileRef = 9D13CACE218FC9FA00DB1FDA /* Assets.xcassets */; };
		9D13CAD2218FC9FA00DB1FDA /* LaunchScreen.storyboard in Resources */ = {isa = PBXBuildFile; fileRef = 9D13CAD0218FC9FA00DB1FDA /* LaunchScreen.storyboard */; };
		9D13CADD218FC9FA00DB1FDA /* ModuleTests.swift in Sources */ = {isa = PBXBuildFile; fileRef = 9D13CADC218FC9FA00DB1FDA /* ModuleTests.swift */; };
		9D13CAF6218FCB1C00DB1FDA /* Module.swift in Sources */ = {isa = PBXBuildFile; fileRef = 9D13CAF5218FCB1C00DB1FDA /* Module.swift */; };
		9D3C426E21EAB2A100A3474C /* Module2.swift in Sources */ = {isa = PBXBuildFile; fileRef = 9DA60E9421ACA53E00B02CB4 /* Module2.swift */; };
		9D3C426F21EAB2A100A3474C /* AppDelegate.swift in Sources */ = {isa = PBXBuildFile; fileRef = 9D13CAC7218FC9F800DB1FDA /* AppDelegate.swift */; };
		9D3C427021EAB2A100A3474C /* ViewController.swift in Sources */ = {isa = PBXBuildFile; fileRef = 9D13CAC9218FC9F800DB1FDA /* ViewController.swift */; };
		9D3C427121EAB2A600A3474C /* Module.swift in Sources */ = {isa = PBXBuildFile; fileRef = 9D13CAF5218FCB1C00DB1FDA /* Module.swift */; };
		9DA60E9521ACA53E00B02CB4 /* Module2.swift in Sources */ = {isa = PBXBuildFile; fileRef = 9DA60E9421ACA53E00B02CB4 /* Module2.swift */; };
/* End PBXBuildFile section */

/* Begin PBXFileReference section */
		9D13CAC4218FC9F800DB1FDA /* ExampleApp.app */ = {isa = PBXFileReference; explicitFileType = wrapper.application; includeInIndex = 0; path = ExampleApp.app; sourceTree = BUILT_PRODUCTS_DIR; };
		9D13CAC7218FC9F800DB1FDA /* AppDelegate.swift */ = {isa = PBXFileReference; lastKnownFileType = sourcecode.swift; path = AppDelegate.swift; sourceTree = "<group>"; };
		9D13CAC9218FC9F800DB1FDA /* ViewController.swift */ = {isa = PBXFileReference; lastKnownFileType = sourcecode.swift; path = ViewController.swift; sourceTree = "<group>"; };
		9D13CACC218FC9F800DB1FDA /* Base */ = {isa = PBXFileReference; lastKnownFileType = file.storyboard; name = Base; path = Base.lproj/Main.storyboard; sourceTree = "<group>"; };
		9D13CACE218FC9FA00DB1FDA /* Assets.xcassets */ = {isa = PBXFileReference; lastKnownFileType = folder.assetcatalog; path = Assets.xcassets; sourceTree = "<group>"; };
		9D13CAD1218FC9FA00DB1FDA /* Base */ = {isa = PBXFileReference; lastKnownFileType = file.storyboard; name = Base; path = Base.lproj/LaunchScreen.storyboard; sourceTree = "<group>"; };
		9D13CAD3218FC9FA00DB1FDA /* Info.plist */ = {isa = PBXFileReference; lastKnownFileType = text.plist.xml; path = Info.plist; sourceTree = "<group>"; };
		9D13CAD8218FC9FA00DB1FDA /* ExampleAppTests.xctest */ = {isa = PBXFileReference; explicitFileType = wrapper.cfbundle; includeInIndex = 0; path = ExampleAppTests.xctest; sourceTree = BUILT_PRODUCTS_DIR; };
		9D13CADC218FC9FA00DB1FDA /* ModuleTests.swift */ = {isa = PBXFileReference; lastKnownFileType = sourcecode.swift; path = ModuleTests.swift; sourceTree = "<group>"; };
		9D13CADE218FC9FA00DB1FDA /* Info.plist */ = {isa = PBXFileReference; lastKnownFileType = text.plist.xml; path = Info.plist; sourceTree = "<group>"; };
		9D13CAF5218FCB1C00DB1FDA /* Module.swift */ = {isa = PBXFileReference; lastKnownFileType = sourcecode.swift; path = Module.swift; sourceTree = "<group>"; };
		9DA60E9421ACA53E00B02CB4 /* Module2.swift */ = {isa = PBXFileReference; fileEncoding = 4; lastKnownFileType = sourcecode.swift; path = Module2.swift; sourceTree = "<group>"; };
/* End PBXFileReference section */

/* Begin PBXFrameworksBuildPhase section */
		9D13CAC1218FC9F800DB1FDA /* Frameworks */ = {
			isa = PBXFrameworksBuildPhase;
			buildActionMask = 2147483647;
			files = (
			);
			runOnlyForDeploymentPostprocessing = 0;
		};
		9D13CAD5218FC9FA00DB1FDA /* Frameworks */ = {
			isa = PBXFrameworksBuildPhase;
			buildActionMask = 2147483647;
			files = (
			);
			runOnlyForDeploymentPostprocessing = 0;
		};
/* End PBXFrameworksBuildPhase section */

/* Begin PBXGroup section */
		9D13CABB218FC9F800DB1FDA = {
			isa = PBXGroup;
			children = (
				9D13CAC6218FC9F800DB1FDA /* ExampleApp */,
				9D13CADB218FC9FA00DB1FDA /* ExampleAppTests */,
				9D13CAC5218FC9F800DB1FDA /* Products */,
			);
			sourceTree = "<group>";
		};
		9D13CAC5218FC9F800DB1FDA /* Products */ = {
			isa = PBXGroup;
			children = (
				9D13CAC4218FC9F800DB1FDA /* ExampleApp.app */,
				9D13CAD8218FC9FA00DB1FDA /* ExampleAppTests.xctest */,
			);
			name = Products;
			sourceTree = "<group>";
		};
		9D13CAC6218FC9F800DB1FDA /* ExampleApp */ = {
			isa = PBXGroup;
			children = (
				9DA60E9421ACA53E00B02CB4 /* Module2.swift */,
				9D13CAC7218FC9F800DB1FDA /* AppDelegate.swift */,
				9D13CAC9218FC9F800DB1FDA /* ViewController.swift */,
				9D13CACB218FC9F800DB1FDA /* Main.storyboard */,
				9D13CACE218FC9FA00DB1FDA /* Assets.xcassets */,
				9D13CAD0218FC9FA00DB1FDA /* LaunchScreen.storyboard */,
				9D13CAD3218FC9FA00DB1FDA /* Info.plist */,
				9D13CAF5218FCB1C00DB1FDA /* Module.swift */,
			);
			path = ExampleApp;
			sourceTree = "<group>";
		};
		9D13CADB218FC9FA00DB1FDA /* ExampleAppTests */ = {
			isa = PBXGroup;
			children = (
				9D13CADC218FC9FA00DB1FDA /* ModuleTests.swift */,
				9D13CADE218FC9FA00DB1FDA /* Info.plist */,
			);
			path = ExampleAppTests;
			sourceTree = "<group>";
		};
/* End PBXGroup section */

/* Begin PBXNativeTarget section */
		9D13CAC3218FC9F800DB1FDA /* ExampleApp */ = {
			isa = PBXNativeTarget;
			buildConfigurationList = 9D13CAEC218FC9FA00DB1FDA /* Build configuration list for PBXNativeTarget "ExampleApp" */;
			buildPhases = (
				9D13CAC0218FC9F800DB1FDA /* Sources */,
				9D13CAC1218FC9F800DB1FDA /* Frameworks */,
				9D13CAC2218FC9F800DB1FDA /* Resources */,
			);
			buildRules = (
			);
			dependencies = (
			);
			name = ExampleApp;
			productName = MuterExampleTestSuite;
			productReference = 9D13CAC4218FC9F800DB1FDA /* ExampleApp.app */;
			productType = "com.apple.product-type.application";
		};
		9D13CAD7218FC9FA00DB1FDA /* ExampleAppTests */ = {
			isa = PBXNativeTarget;
			buildConfigurationList = 9D13CAEF218FC9FA00DB1FDA /* Build configuration list for PBXNativeTarget "ExampleAppTests" */;
			buildPhases = (
				9D13CAD4218FC9FA00DB1FDA /* Sources */,
				9D13CAD5218FC9FA00DB1FDA /* Frameworks */,
				9D13CAD6218FC9FA00DB1FDA /* Resources */,
			);
			buildRules = (
			);
			dependencies = (
			);
			name = ExampleAppTests;
			productName = MuterExampleTestSuiteTests;
			productReference = 9D13CAD8218FC9FA00DB1FDA /* ExampleAppTests.xctest */;
			productType = "com.apple.product-type.bundle.unit-test";
		};
/* End PBXNativeTarget section */

/* Begin PBXProject section */
		9D13CABC218FC9F800DB1FDA /* Project object */ = {
			isa = PBXProject;
			attributes = {
				LastSwiftUpdateCheck = 1000;
				LastUpgradeCheck = 1000;
				ORGANIZATIONNAME = "Sean Olszewski";
				TargetAttributes = {
					9D13CAC3218FC9F800DB1FDA = {
						CreatedOnToolsVersion = 10.0;
						LastSwiftMigration = 1020;
					};
					9D13CAD7218FC9FA00DB1FDA = {
						CreatedOnToolsVersion = 10.0;
						LastSwiftMigration = 1020;
					};
					9DAD784C225E482400E11AE6 = {
						CreatedOnToolsVersion = 10.2;
					};
				};
			};
			buildConfigurationList = 9D13CABF218FC9F800DB1FDA /* Build configuration list for PBXProject "ExampleApp" */;
			compatibilityVersion = "Xcode 9.3";
			developmentRegion = en;
			hasScannedForEncodings = 0;
			knownRegions = (
				en,
				Base,
			);
			mainGroup = 9D13CABB218FC9F800DB1FDA;
			productRefGroup = 9D13CAC5218FC9F800DB1FDA /* Products */;
			projectDirPath = "";
			projectRoot = "";
			targets = (
				9D13CAC3218FC9F800DB1FDA /* ExampleApp */,
				9D13CAD7218FC9FA00DB1FDA /* ExampleAppTests */,
				9DAD784C225E482400E11AE6 /* Mutation Test */,
			);
		};
/* End PBXProject section */

/* Begin PBXResourcesBuildPhase section */
		9D13CAC2218FC9F800DB1FDA /* Resources */ = {
			isa = PBXResourcesBuildPhase;
			buildActionMask = 2147483647;
			files = (
				9D13CAD2218FC9FA00DB1FDA /* LaunchScreen.storyboard in Resources */,
				9D13CACF218FC9FA00DB1FDA /* Assets.xcassets in Resources */,
				9D13CACD218FC9F800DB1FDA /* Main.storyboard in Resources */,
			);
			runOnlyForDeploymentPostprocessing = 0;
		};
		9D13CAD6218FC9FA00DB1FDA /* Resources */ = {
			isa = PBXResourcesBuildPhase;
			buildActionMask = 2147483647;
			files = (
			);
			runOnlyForDeploymentPostprocessing = 0;
		};
/* End PBXResourcesBuildPhase section */

/* Begin PBXShellScriptBuildPhase section */
		9DAD7850225E482900E11AE6 /* ShellScript */ = {
			isa = PBXShellScriptBuildPhase;
			buildActionMask = 2147483647;
			files = (
			);
			inputFileListPaths = (
			);
			inputPaths = (
			);
			outputFileListPaths = (
			);
			outputPaths = (
			);
			runOnlyForDeploymentPostprocessing = 0;
			shellPath = /bin/sh;
			shellScript = "# Type a script or drag a script file from your workspace to insert its path.\nmuter --output-xcode\n";
		};
/* End PBXShellScriptBuildPhase section */

/* Begin PBXSourcesBuildPhase section */
		9D13CAC0218FC9F800DB1FDA /* Sources */ = {
			isa = PBXSourcesBuildPhase;
			buildActionMask = 2147483647;
			files = (
				9DA60E9521ACA53E00B02CB4 /* Module2.swift in Sources */,
				9D13CACA218FC9F800DB1FDA /* ViewController.swift in Sources */,
				9D13CAC8218FC9F800DB1FDA /* AppDelegate.swift in Sources */,
				9D13CAF6218FCB1C00DB1FDA /* Module.swift in Sources */,
			);
			runOnlyForDeploymentPostprocessing = 0;
		};
		9D13CAD4218FC9FA00DB1FDA /* Sources */ = {
			isa = PBXSourcesBuildPhase;
			buildActionMask = 2147483647;
			files = (
				9D3C427121EAB2A600A3474C /* Module.swift in Sources */,
				9D3C426E21EAB2A100A3474C /* Module2.swift in Sources */,
				9D3C426F21EAB2A100A3474C /* AppDelegate.swift in Sources */,
				9D3C427021EAB2A100A3474C /* ViewController.swift in Sources */,
				9D13CADD218FC9FA00DB1FDA /* ModuleTests.swift in Sources */,
			);
			runOnlyForDeploymentPostprocessing = 0;
		};
/* End PBXSourcesBuildPhase section */

/* Begin PBXVariantGroup section */
		9D13CACB218FC9F800DB1FDA /* Main.storyboard */ = {
			isa = PBXVariantGroup;
			children = (
				9D13CACC218FC9F800DB1FDA /* Base */,
			);
			name = Main.storyboard;
			sourceTree = "<group>";
		};
		9D13CAD0218FC9FA00DB1FDA /* LaunchScreen.storyboard */ = {
			isa = PBXVariantGroup;
			children = (
				9D13CAD1218FC9FA00DB1FDA /* Base */,
			);
			name = LaunchScreen.storyboard;
			sourceTree = "<group>";
		};
/* End PBXVariantGroup section */

/* Begin XCBuildConfiguration section */
		9D13CAEA218FC9FA00DB1FDA /* Debug */ = {
			isa = XCBuildConfiguration;
			buildSettings = {
				ALWAYS_SEARCH_USER_PATHS = NO;
				CLANG_ANALYZER_NONNULL = YES;
				CLANG_ANALYZER_NUMBER_OBJECT_CONVERSION = YES_AGGRESSIVE;
				CLANG_CXX_LANGUAGE_STANDARD = "gnu++14";
				CLANG_CXX_LIBRARY = "libc++";
				CLANG_ENABLE_MODULES = YES;
				CLANG_ENABLE_OBJC_ARC = YES;
				CLANG_ENABLE_OBJC_WEAK = YES;
				CLANG_WARN_BLOCK_CAPTURE_AUTORELEASING = YES;
				CLANG_WARN_BOOL_CONVERSION = YES;
				CLANG_WARN_COMMA = YES;
				CLANG_WARN_CONSTANT_CONVERSION = YES;
				CLANG_WARN_DEPRECATED_OBJC_IMPLEMENTATIONS = YES;
				CLANG_WARN_DIRECT_OBJC_ISA_USAGE = YES_ERROR;
				CLANG_WARN_DOCUMENTATION_COMMENTS = YES;
				CLANG_WARN_EMPTY_BODY = YES;
				CLANG_WARN_ENUM_CONVERSION = YES;
				CLANG_WARN_INFINITE_RECURSION = YES;
				CLANG_WARN_INT_CONVERSION = YES;
				CLANG_WARN_NON_LITERAL_NULL_CONVERSION = YES;
				CLANG_WARN_OBJC_IMPLICIT_RETAIN_SELF = YES;
				CLANG_WARN_OBJC_LITERAL_CONVERSION = YES;
				CLANG_WARN_OBJC_ROOT_CLASS = YES_ERROR;
				CLANG_WARN_RANGE_LOOP_ANALYSIS = YES;
				CLANG_WARN_STRICT_PROTOTYPES = YES;
				CLANG_WARN_SUSPICIOUS_MOVE = YES;
				CLANG_WARN_UNGUARDED_AVAILABILITY = YES_AGGRESSIVE;
				CLANG_WARN_UNREACHABLE_CODE = YES;
				CLANG_WARN__DUPLICATE_METHOD_MATCH = YES;
				CODE_SIGN_IDENTITY = "iPhone Developer";
				COPY_PHASE_STRIP = NO;
				DEBUG_INFORMATION_FORMAT = dwarf;
				ENABLE_STRICT_OBJC_MSGSEND = YES;
				ENABLE_TESTABILITY = YES;
				GCC_C_LANGUAGE_STANDARD = gnu11;
				GCC_DYNAMIC_NO_PIC = NO;
				GCC_NO_COMMON_BLOCKS = YES;
				GCC_OPTIMIZATION_LEVEL = 0;
				GCC_PREPROCESSOR_DEFINITIONS = (
					"DEBUG=1",
					"$(inherited)",
				);
				GCC_WARN_64_TO_32_BIT_CONVERSION = YES;
				GCC_WARN_ABOUT_RETURN_TYPE = YES_ERROR;
				GCC_WARN_UNDECLARED_SELECTOR = YES;
				GCC_WARN_UNINITIALIZED_AUTOS = YES_AGGRESSIVE;
				GCC_WARN_UNUSED_FUNCTION = YES;
				GCC_WARN_UNUSED_VARIABLE = YES;
				IPHONEOS_DEPLOYMENT_TARGET = 12.0;
				MTL_ENABLE_DEBUG_INFO = INCLUDE_SOURCE;
				MTL_FAST_MATH = YES;
				ONLY_ACTIVE_ARCH = YES;
				SDKROOT = iphoneos;
				SWIFT_ACTIVE_COMPILATION_CONDITIONS = DEBUG;
				SWIFT_OPTIMIZATION_LEVEL = "-Onone";
			};
			name = Debug;
		};
		9D13CAEB218FC9FA00DB1FDA /* Release */ = {
			isa = XCBuildConfiguration;
			buildSettings = {
				ALWAYS_SEARCH_USER_PATHS = NO;
				CLANG_ANALYZER_NONNULL = YES;
				CLANG_ANALYZER_NUMBER_OBJECT_CONVERSION = YES_AGGRESSIVE;
				CLANG_CXX_LANGUAGE_STANDARD = "gnu++14";
				CLANG_CXX_LIBRARY = "libc++";
				CLANG_ENABLE_MODULES = YES;
				CLANG_ENABLE_OBJC_ARC = YES;
				CLANG_ENABLE_OBJC_WEAK = YES;
				CLANG_WARN_BLOCK_CAPTURE_AUTORELEASING = YES;
				CLANG_WARN_BOOL_CONVERSION = YES;
				CLANG_WARN_COMMA = YES;
				CLANG_WARN_CONSTANT_CONVERSION = YES;
				CLANG_WARN_DEPRECATED_OBJC_IMPLEMENTATIONS = YES;
				CLANG_WARN_DIRECT_OBJC_ISA_USAGE = YES_ERROR;
				CLANG_WARN_DOCUMENTATION_COMMENTS = YES;
				CLANG_WARN_EMPTY_BODY = YES;
				CLANG_WARN_ENUM_CONVERSION = YES;
				CLANG_WARN_INFINITE_RECURSION = YES;
				CLANG_WARN_INT_CONVERSION = YES;
				CLANG_WARN_NON_LITERAL_NULL_CONVERSION = YES;
				CLANG_WARN_OBJC_IMPLICIT_RETAIN_SELF = YES;
				CLANG_WARN_OBJC_LITERAL_CONVERSION = YES;
				CLANG_WARN_OBJC_ROOT_CLASS = YES_ERROR;
				CLANG_WARN_RANGE_LOOP_ANALYSIS = YES;
				CLANG_WARN_STRICT_PROTOTYPES = YES;
				CLANG_WARN_SUSPICIOUS_MOVE = YES;
				CLANG_WARN_UNGUARDED_AVAILABILITY = YES_AGGRESSIVE;
				CLANG_WARN_UNREACHABLE_CODE = YES;
				CLANG_WARN__DUPLICATE_METHOD_MATCH = YES;
				CODE_SIGN_IDENTITY = "iPhone Developer";
				COPY_PHASE_STRIP = NO;
				DEBUG_INFORMATION_FORMAT = "dwarf-with-dsym";
				ENABLE_NS_ASSERTIONS = NO;
				ENABLE_STRICT_OBJC_MSGSEND = YES;
				GCC_C_LANGUAGE_STANDARD = gnu11;
				GCC_NO_COMMON_BLOCKS = YES;
				GCC_WARN_64_TO_32_BIT_CONVERSION = YES;
				GCC_WARN_ABOUT_RETURN_TYPE = YES_ERROR;
				GCC_WARN_UNDECLARED_SELECTOR = YES;
				GCC_WARN_UNINITIALIZED_AUTOS = YES_AGGRESSIVE;
				GCC_WARN_UNUSED_FUNCTION = YES;
				GCC_WARN_UNUSED_VARIABLE = YES;
				IPHONEOS_DEPLOYMENT_TARGET = 12.0;
				MTL_ENABLE_DEBUG_INFO = NO;
				MTL_FAST_MATH = YES;
				SDKROOT = iphoneos;
				SWIFT_COMPILATION_MODE = wholemodule;
				SWIFT_OPTIMIZATION_LEVEL = "-O";
				VALIDATE_PRODUCT = YES;
			};
			name = Release;
		};
		9D13CAED218FC9FA00DB1FDA /* Debug */ = {
			isa = XCBuildConfiguration;
			buildSettings = {
				ASSETCATALOG_COMPILER_APPICON_NAME = AppIcon;
				CODE_SIGN_STYLE = Automatic;
				DEVELOPMENT_TEAM = H2983HKDVJ;
				INFOPLIST_FILE = ExampleApp/Info.plist;
				LD_RUNPATH_SEARCH_PATHS = (
					"$(inherited)",
					"@executable_path/Frameworks",
				);
				PRODUCT_BUNDLE_IDENTIFIER = chefski.ExampleApp;
				PRODUCT_NAME = "$(TARGET_NAME)";
				SWIFT_VERSION = 5.0;
				TARGETED_DEVICE_FAMILY = "1,2";
			};
			name = Debug;
		};
		9D13CAEE218FC9FA00DB1FDA /* Release */ = {
			isa = XCBuildConfiguration;
			buildSettings = {
				ASSETCATALOG_COMPILER_APPICON_NAME = AppIcon;
				CODE_SIGN_STYLE = Automatic;
				DEVELOPMENT_TEAM = H2983HKDVJ;
				INFOPLIST_FILE = ExampleApp/Info.plist;
				LD_RUNPATH_SEARCH_PATHS = (
					"$(inherited)",
					"@executable_path/Frameworks",
				);
				PRODUCT_BUNDLE_IDENTIFIER = chefski.ExampleApp;
				PRODUCT_NAME = "$(TARGET_NAME)";
				SWIFT_VERSION = 5.0;
				TARGETED_DEVICE_FAMILY = "1,2";
			};
			name = Release;
		};
		9D13CAF0218FC9FA00DB1FDA /* Debug */ = {
			isa = XCBuildConfiguration;
			buildSettings = {
				ALWAYS_EMBED_SWIFT_STANDARD_LIBRARIES = YES;
				CODE_SIGN_STYLE = Automatic;
				DEVELOPMENT_TEAM = H2983HKDVJ;
				INFOPLIST_FILE = ExampleApp/Info.plist;
				LD_RUNPATH_SEARCH_PATHS = (
					"$(inherited)",
					"@executable_path/Frameworks",
					"@loader_path/Frameworks",
				);
				PRODUCT_BUNDLE_IDENTIFIER = chefski.ExampleApp;
				PRODUCT_NAME = "$(TARGET_NAME)";
				SWIFT_VERSION = 5.0;
				TARGETED_DEVICE_FAMILY = "1,2";
			};
			name = Debug;
		};
		9D13CAF1218FC9FA00DB1FDA /* Release */ = {
			isa = XCBuildConfiguration;
			buildSettings = {
				ALWAYS_EMBED_SWIFT_STANDARD_LIBRARIES = YES;
				CODE_SIGN_STYLE = Automatic;
				DEVELOPMENT_TEAM = H2983HKDVJ;
				INFOPLIST_FILE = ExampleApp/Info.plist;
				LD_RUNPATH_SEARCH_PATHS = (
					"$(inherited)",
					"@executable_path/Frameworks",
					"@loader_path/Frameworks",
				);
				PRODUCT_BUNDLE_IDENTIFIER = chefski.ExampleApp;
				PRODUCT_NAME = "$(TARGET_NAME)";
				SWIFT_VERSION = 5.0;
				TARGETED_DEVICE_FAMILY = "1,2";
			};
			name = Release;
		};
		9DAD784D225E482400E11AE6 /* Debug */ = {
			isa = XCBuildConfiguration;
			buildSettings = {
				CODE_SIGN_STYLE = Automatic;
				PRODUCT_NAME = "$(TARGET_NAME)";
			};
			name = Debug;
		};
		9DAD784E225E482400E11AE6 /* Release */ = {
			isa = XCBuildConfiguration;
			buildSettings = {
				CODE_SIGN_STYLE = Automatic;
				PRODUCT_NAME = "$(TARGET_NAME)";
			};
			name = Release;
		};
/* End XCBuildConfiguration section */

/* Begin XCConfigurationList section */
		9D13CABF218FC9F800DB1FDA /* Build configuration list for PBXProject "ExampleApp" */ = {
			isa = XCConfigurationList;
			buildConfigurations = (
				9D13CAEA218FC9FA00DB1FDA /* Debug */,
				9D13CAEB218FC9FA00DB1FDA /* Release */,
			);
			defaultConfigurationIsVisible = 0;
			defaultConfigurationName = Release;
		};
		9D13CAEC218FC9FA00DB1FDA /* Build configuration list for PBXNativeTarget "ExampleApp" */ = {
			isa = XCConfigurationList;
			buildConfigurations = (
				9D13CAED218FC9FA00DB1FDA /* Debug */,
				9D13CAEE218FC9FA00DB1FDA /* Release */,
			);
			defaultConfigurationIsVisible = 0;
			defaultConfigurationName = Release;
		};
		9D13CAEF218FC9FA00DB1FDA /* Build configuration list for PBXNativeTarget "ExampleAppTests" */ = {
			isa = XCConfigurationList;
			buildConfigurations = (
				9D13CAF0218FC9FA00DB1FDA /* Debug */,
				9D13CAF1218FC9FA00DB1FDA /* Release */,
			);
			defaultConfigurationIsVisible = 0;
			defaultConfigurationName = Release;
		};
		9DAD784F225E482400E11AE6 /* Build configuration list for PBXAggregateTarget "Mutation Test" */ = {
			isa = XCConfigurationList;
			buildConfigurations = (
				9DAD784D225E482400E11AE6 /* Debug */,
				9DAD784E225E482400E11AE6 /* Release */,
			);
			defaultConfigurationIsVisible = 0;
			defaultConfigurationName = Release;
		};
/* End XCConfigurationList section */
	};
	rootObject = 9D13CABC218FC9F800DB1FDA /* Project object */;
}
