// !$*UTF8*$!
{
   archiveVersion = "1";
   objectVersion = "46";
   objects = {
      "FFCParserCombinator::FFCParserCombinator" = {
         isa = "PBXNativeTarget";
         buildConfigurationList = "OBJ_19";
         buildPhases = (
            "OBJ_22",
            "OBJ_25"
         );
         dependencies = (
         );
         name = "FFCParserCombinator";
         productName = "FFCParserCombinator";
         productReference = "FFCParserCombinator::FFCParserCombinator::Product";
         productType = "com.apple.product-type.framework";
      };
      "FFCParserCombinator::FFCParserCombinator::Product" = {
         isa = "PBXFileReference";
         path = "FFCParserCombinator.framework";
         sourceTree = "BUILT_PRODUCTS_DIR";
      };
      "FFCParserCombinator::FFCParserCombinatorPackageTests::ProductTarget" = {
         isa = "PBXAggregateTarget";
         buildConfigurationList = "OBJ_33";
         buildPhases = (
         );
         dependencies = (
            "OBJ_36"
         );
         name = "FFCParserCombinatorPackageTests";
         productName = "FFCParserCombinatorPackageTests";
      };
      "FFCParserCombinator::FFCParserCombinatorTests" = {
         isa = "PBXNativeTarget";
         buildConfigurationList = "OBJ_38";
         buildPhases = (
            "OBJ_41",
            "OBJ_44"
         );
         dependencies = (
            "OBJ_46"
         );
         name = "FFCParserCombinatorTests";
         productName = "FFCParserCombinatorTests";
         productReference = "FFCParserCombinator::FFCParserCombinatorTests::Product";
         productType = "com.apple.product-type.bundle.unit-test";
      };
      "FFCParserCombinator::FFCParserCombinatorTests::Product" = {
         isa = "PBXFileReference";
         path = "FFCParserCombinatorTests.xctest";
         sourceTree = "BUILT_PRODUCTS_DIR";
      };
      "FFCParserCombinator::SwiftPMPackageDescription" = {
         isa = "PBXNativeTarget";
         buildConfigurationList = "OBJ_27";
         buildPhases = (
            "OBJ_30"
         );
         dependencies = (
         );
         name = "FFCParserCombinatorPackageDescription";
         productName = "FFCParserCombinatorPackageDescription";
         productType = "com.apple.product-type.framework";
      };
      "OBJ_1" = {
         isa = "PBXProject";
         attributes = {
            LastUpgradeCheck = "9999";
         };
         buildConfigurationList = "OBJ_2";
         compatibilityVersion = "Xcode 3.2";
         developmentRegion = "English";
         hasScannedForEncodings = "0";
         knownRegions = (
            "en"
         );
         mainGroup = "OBJ_5";
         productRefGroup = "OBJ_15";
         projectDirPath = ".";
         targets = (
            "FFCParserCombinator::FFCParserCombinator",
            "FFCParserCombinator::SwiftPMPackageDescription",
            "FFCParserCombinator::FFCParserCombinatorPackageTests::ProductTarget",
            "FFCParserCombinator::FFCParserCombinatorTests"
         );
      };
      "OBJ_10" = {
         isa = "PBXFileReference";
         path = "StringParsing.swift";
         sourceTree = "<group>";
      };
      "OBJ_11" = {
         isa = "PBXGroup";
         children = (
            "OBJ_12"
         );
         name = "Tests";
         path = "";
         sourceTree = "SOURCE_ROOT";
      };
      "OBJ_12" = {
         isa = "PBXGroup";
         children = (
            "OBJ_13",
            "OBJ_14"
         );
         name = "FFCParserCombinatorTests";
         path = "Tests/FFCParserCombinatorTests";
         sourceTree = "SOURCE_ROOT";
      };
      "OBJ_13" = {
         isa = "PBXFileReference";
         path = "FFCParserCombinatorTests.swift";
         sourceTree = "<group>";
      };
      "OBJ_14" = {
         isa = "PBXFileReference";
         path = "StringParsing.swift";
         sourceTree = "<group>";
      };
      "OBJ_15" = {
         isa = "PBXGroup";
         children = (
            "FFCParserCombinator::FFCParserCombinatorTests::Product",
            "FFCParserCombinator::FFCParserCombinator::Product"
         );
         name = "Products";
         path = "";
         sourceTree = "BUILT_PRODUCTS_DIR";
      };
      "OBJ_19" = {
         isa = "XCConfigurationList";
         buildConfigurations = (
            "OBJ_20",
            "OBJ_21"
         );
         defaultConfigurationIsVisible = "0";
         defaultConfigurationName = "Release";
      };
      "OBJ_2" = {
         isa = "XCConfigurationList";
         buildConfigurations = (
            "OBJ_3",
            "OBJ_4"
         );
         defaultConfigurationIsVisible = "0";
         defaultConfigurationName = "Release";
      };
      "OBJ_20" = {
         isa = "XCBuildConfiguration";
         buildSettings = {
            ENABLE_TESTABILITY = "YES";
            FRAMEWORK_SEARCH_PATHS = (
               "$(inherited)",
               "$(PLATFORM_DIR)/Developer/Library/Frameworks"
            );
            HEADER_SEARCH_PATHS = (
               "$(inherited)"
            );
            INFOPLIST_FILE = "FFCParserCombinator.xcodeproj/FFCParserCombinator_Info.plist";
            LD_RUNPATH_SEARCH_PATHS = (
               "$(inherited)",
               "$(TOOLCHAIN_DIR)/usr/lib/swift/macosx"
            );
            OTHER_CFLAGS = (
               "$(inherited)"
            );
            OTHER_LDFLAGS = (
               "$(inherited)"
            );
            OTHER_SWIFT_FLAGS = (
               "$(inherited)"
            );
            PRODUCT_BUNDLE_IDENTIFIER = "FFCParserCombinator";
            PRODUCT_MODULE_NAME = "$(TARGET_NAME:c99extidentifier)";
            PRODUCT_NAME = "$(TARGET_NAME:c99extidentifier)";
            SKIP_INSTALL = "YES";
            SWIFT_ACTIVE_COMPILATION_CONDITIONS = (
               "$(inherited)"
            );
            SWIFT_VERSION = "4.0";
            TARGET_NAME = "FFCParserCombinator";
         };
         name = "Debug";
      };
      "OBJ_21" = {
         isa = "XCBuildConfiguration";
         buildSettings = {
            ENABLE_TESTABILITY = "YES";
            FRAMEWORK_SEARCH_PATHS = (
               "$(inherited)",
               "$(PLATFORM_DIR)/Developer/Library/Frameworks"
            );
            HEADER_SEARCH_PATHS = (
               "$(inherited)"
            );
            INFOPLIST_FILE = "FFCParserCombinator.xcodeproj/FFCParserCombinator_Info.plist";
            LD_RUNPATH_SEARCH_PATHS = (
               "$(inherited)",
               "$(TOOLCHAIN_DIR)/usr/lib/swift/macosx"
            );
            OTHER_CFLAGS = (
               "$(inherited)"
            );
            OTHER_LDFLAGS = (
               "$(inherited)"
            );
            OTHER_SWIFT_FLAGS = (
               "$(inherited)"
            );
            PRODUCT_BUNDLE_IDENTIFIER = "FFCParserCombinator";
            PRODUCT_MODULE_NAME = "$(TARGET_NAME:c99extidentifier)";
            PRODUCT_NAME = "$(TARGET_NAME:c99extidentifier)";
            SKIP_INSTALL = "YES";
            SWIFT_ACTIVE_COMPILATION_CONDITIONS = (
               "$(inherited)"
            );
            SWIFT_VERSION = "4.0";
            TARGET_NAME = "FFCParserCombinator";
         };
         name = "Release";
      };
      "OBJ_22" = {
         isa = "PBXSourcesBuildPhase";
         files = (
            "OBJ_23",
            "OBJ_24"
         );
      };
      "OBJ_23" = {
         isa = "PBXBuildFile";
         fileRef = "OBJ_9";
      };
      "OBJ_24" = {
         isa = "PBXBuildFile";
         fileRef = "OBJ_10";
      };
      "OBJ_25" = {
         isa = "PBXFrameworksBuildPhase";
         files = (
         );
      };
      "OBJ_27" = {
         isa = "XCConfigurationList";
         buildConfigurations = (
            "OBJ_28",
            "OBJ_29"
         );
         defaultConfigurationIsVisible = "0";
         defaultConfigurationName = "Release";
      };
      "OBJ_28" = {
         isa = "XCBuildConfiguration";
         buildSettings = {
            LD = "/usr/bin/true";
            OTHER_SWIFT_FLAGS = (
               "-swift-version",
               "4",
               "-I",
               "$(TOOLCHAIN_DIR)/usr/lib/swift/pm/4",
               "-target",
               "x86_64-apple-macosx10.10",
               "-sdk",
               "/Applications/Xcode.app/Contents/Developer/Platforms/MacOSX.platform/Developer/SDKs/MacOSX10.14.sdk"
            );
            SWIFT_VERSION = "4.0";
         };
         name = "Debug";
      };
      "OBJ_29" = {
         isa = "XCBuildConfiguration";
         buildSettings = {
            LD = "/usr/bin/true";
            OTHER_SWIFT_FLAGS = (
               "-swift-version",
               "4",
               "-I",
               "$(TOOLCHAIN_DIR)/usr/lib/swift/pm/4",
               "-target",
               "x86_64-apple-macosx10.10",
               "-sdk",
               "/Applications/Xcode.app/Contents/Developer/Platforms/MacOSX.platform/Developer/SDKs/MacOSX10.14.sdk"
            );
            SWIFT_VERSION = "4.0";
         };
         name = "Release";
      };
      "OBJ_3" = {
         isa = "XCBuildConfiguration";
         buildSettings = {
            CLANG_ENABLE_OBJC_ARC = "YES";
            COMBINE_HIDPI_IMAGES = "YES";
            COPY_PHASE_STRIP = "NO";
            DEBUG_INFORMATION_FORMAT = "dwarf";
            DYLIB_INSTALL_NAME_BASE = "@rpath";
            ENABLE_NS_ASSERTIONS = "YES";
            GCC_OPTIMIZATION_LEVEL = "0";
            GCC_PREPROCESSOR_DEFINITIONS = (
               "DEBUG=1",
               "$(inherited)"
            );
            MACOSX_DEPLOYMENT_TARGET = "10.10";
            ONLY_ACTIVE_ARCH = "YES";
            OTHER_SWIFT_FLAGS = (
               "-DXcode"
            );
            PRODUCT_NAME = "$(TARGET_NAME)";
            SDKROOT = "macosx";
            SUPPORTED_PLATFORMS = (
               "macosx",
               "iphoneos",
               "iphonesimulator",
               "appletvos",
               "appletvsimulator",
               "watchos",
               "watchsimulator"
            );
            SWIFT_ACTIVE_COMPILATION_CONDITIONS = (
               "SWIFT_PACKAGE",
               "DEBUG"
            );
            SWIFT_OPTIMIZATION_LEVEL = "-Onone";
            USE_HEADERMAP = "NO";
         };
         name = "Debug";
      };
      "OBJ_30" = {
         isa = "PBXSourcesBuildPhase";
         files = (
            "OBJ_31"
         );
      };
      "OBJ_31" = {
         isa = "PBXBuildFile";
         fileRef = "OBJ_6";
      };
      "OBJ_33" = {
         isa = "XCConfigurationList";
         buildConfigurations = (
            "OBJ_34",
            "OBJ_35"
         );
         defaultConfigurationIsVisible = "0";
         defaultConfigurationName = "Release";
      };
      "OBJ_34" = {
         isa = "XCBuildConfiguration";
         buildSettings = {
         };
         name = "Debug";
      };
      "OBJ_35" = {
         isa = "XCBuildConfiguration";
         buildSettings = {
         };
         name = "Release";
      };
      "OBJ_36" = {
         isa = "PBXTargetDependency";
         target = "FFCParserCombinator::FFCParserCombinatorTests";
      };
      "OBJ_38" = {
         isa = "XCConfigurationList";
         buildConfigurations = (
            "OBJ_39",
            "OBJ_40"
         );
         defaultConfigurationIsVisible = "0";
         defaultConfigurationName = "Release";
      };
      "OBJ_39" = {
         isa = "XCBuildConfiguration";
         buildSettings = {
            CLANG_ENABLE_MODULES = "YES";
            EMBEDDED_CONTENT_CONTAINS_SWIFT = "YES";
            FRAMEWORK_SEARCH_PATHS = (
               "$(inherited)",
               "$(PLATFORM_DIR)/Developer/Library/Frameworks"
            );
            HEADER_SEARCH_PATHS = (
               "$(inherited)"
            );
            INFOPLIST_FILE = "FFCParserCombinator.xcodeproj/FFCParserCombinatorTests_Info.plist";
            LD_RUNPATH_SEARCH_PATHS = (
               "$(inherited)",
               "@loader_path/../Frameworks",
               "@loader_path/Frameworks"
            );
            OTHER_CFLAGS = (
               "$(inherited)"
            );
            OTHER_LDFLAGS = (
               "$(inherited)"
            );
            OTHER_SWIFT_FLAGS = (
               "$(inherited)"
            );
            SWIFT_ACTIVE_COMPILATION_CONDITIONS = (
               "$(inherited)"
            );
            SWIFT_VERSION = "4.0";
            TARGET_NAME = "FFCParserCombinatorTests";
         };
         name = "Debug";
      };
      "OBJ_4" = {
         isa = "XCBuildConfiguration";
         buildSettings = {
            CLANG_ENABLE_OBJC_ARC = "YES";
            COMBINE_HIDPI_IMAGES = "YES";
            COPY_PHASE_STRIP = "YES";
            DEBUG_INFORMATION_FORMAT = "dwarf-with-dsym";
            DYLIB_INSTALL_NAME_BASE = "@rpath";
            GCC_OPTIMIZATION_LEVEL = "s";
            MACOSX_DEPLOYMENT_TARGET = "10.10";
            OTHER_SWIFT_FLAGS = (
               "-DXcode"
            );
            PRODUCT_NAME = "$(TARGET_NAME)";
            SDKROOT = "macosx";
            SUPPORTED_PLATFORMS = (
               "macosx",
               "iphoneos",
               "iphonesimulator",
               "appletvos",
               "appletvsimulator",
               "watchos",
               "watchsimulator"
            );
            SWIFT_ACTIVE_COMPILATION_CONDITIONS = (
               "SWIFT_PACKAGE"
            );
            SWIFT_OPTIMIZATION_LEVEL = "-Owholemodule";
            USE_HEADERMAP = "NO";
         };
         name = "Release";
      };
      "OBJ_40" = {
         isa = "XCBuildConfiguration";
         buildSettings = {
            CLANG_ENABLE_MODULES = "YES";
            EMBEDDED_CONTENT_CONTAINS_SWIFT = "YES";
            FRAMEWORK_SEARCH_PATHS = (
               "$(inherited)",
               "$(PLATFORM_DIR)/Developer/Library/Frameworks"
            );
            HEADER_SEARCH_PATHS = (
               "$(inherited)"
            );
            INFOPLIST_FILE = "FFCParserCombinator.xcodeproj/FFCParserCombinatorTests_Info.plist";
            LD_RUNPATH_SEARCH_PATHS = (
               "$(inherited)",
               "@loader_path/../Frameworks",
               "@loader_path/Frameworks"
            );
            OTHER_CFLAGS = (
               "$(inherited)"
            );
            OTHER_LDFLAGS = (
               "$(inherited)"
            );
            OTHER_SWIFT_FLAGS = (
               "$(inherited)"
            );
            SWIFT_ACTIVE_COMPILATION_CONDITIONS = (
               "$(inherited)"
            );
            SWIFT_VERSION = "4.0";
            TARGET_NAME = "FFCParserCombinatorTests";
         };
         name = "Release";
      };
      "OBJ_41" = {
         isa = "PBXSourcesBuildPhase";
         files = (
            "OBJ_42",
            "OBJ_43"
         );
      };
      "OBJ_42" = {
         isa = "PBXBuildFile";
         fileRef = "OBJ_13";
      };
      "OBJ_43" = {
         isa = "PBXBuildFile";
         fileRef = "OBJ_14";
      };
      "OBJ_44" = {
         isa = "PBXFrameworksBuildPhase";
         files = (
            "OBJ_45"
         );
      };
      "OBJ_45" = {
         isa = "PBXBuildFile";
         fileRef = "FFCParserCombinator::FFCParserCombinator::Product";
      };
      "OBJ_46" = {
         isa = "PBXTargetDependency";
         target = "FFCParserCombinator::FFCParserCombinator";
      };
      "OBJ_5" = {
         isa = "PBXGroup";
         children = (
            "OBJ_6",
            "OBJ_7",
            "OBJ_11",
            "OBJ_15"
         );
         path = "";
         sourceTree = "<group>";
      };
      "OBJ_6" = {
         isa = "PBXFileReference";
         explicitFileType = "sourcecode.swift";
         path = "Package.swift";
         sourceTree = "<group>";
      };
      "OBJ_7" = {
         isa = "PBXGroup";
         children = (
            "OBJ_8"
         );
         name = "Sources";
         path = "";
         sourceTree = "SOURCE_ROOT";
      };
      "OBJ_8" = {
         isa = "PBXGroup";
         children = (
            "OBJ_9",
            "OBJ_10"
         );
         name = "FFCParserCombinator";
         path = "Sources/FFCParserCombinator";
         sourceTree = "SOURCE_ROOT";
      };
      "OBJ_9" = {
         isa = "PBXFileReference";
         path = "FFCParserCombinator.swift";
         sourceTree = "<group>";
      };
   };
   rootObject = "OBJ_1";
}
