// !$*UTF8*$!
{
	archiveVersion = 1;
	classes = {
	};
	objectVersion = 46;
	objects = {

/* Begin PBXAggregateTarget section */
		"muter::muterPackageTests::ProductTarget" /* muterPackageTests */ = {
			isa = PBXAggregateTarget;
			buildConfigurationList = OBJ_124 /* Build configuration list for PBXAggregateTarget "muterPackageTests" */;
			buildPhases = (
			);
			dependencies = (
				OBJ_127 /* PBXTargetDependency */,
			);
			name = muterPackageTests;
			productName = muterPackageTests;
		};
/* End PBXAggregateTarget section */

/* Begin PBXBuildFile section */
		9D1CFAA221A0D87B005D27DD /* FileParser.swift in Sources */ = {isa = PBXBuildFile; fileRef = OBJ_9 /* FileParser.swift */; };
		9D1CFAA321A0D87B005D27DD /* NegateConditionalsMutation.swift in Sources */ = {isa = PBXBuildFile; fileRef = OBJ_10 /* NegateConditionalsMutation.swift */; };
		9DAFB67B21A21FB300E4D0BE /* ConfigurationParsingTests.swift in Sources */ = {isa = PBXBuildFile; fileRef = 9DAFB67A21A21FB300E4D0BE /* ConfigurationParsingTests.swift */; };
		OBJ_105 /* Package.swift in Sources */ = {isa = PBXBuildFile; fileRef = OBJ_64 /* Package.swift */; };
		OBJ_111 /* FileParser.swift in Sources */ = {isa = PBXBuildFile; fileRef = OBJ_9 /* FileParser.swift */; };
		OBJ_112 /* NegateConditionalsMutation.swift in Sources */ = {isa = PBXBuildFile; fileRef = OBJ_10 /* NegateConditionalsMutation.swift */; };
		OBJ_113 /* main.swift in Sources */ = {isa = PBXBuildFile; fileRef = OBJ_11 /* main.swift */; };
		OBJ_115 /* SwiftSyntax.framework in Frameworks */ = {isa = PBXBuildFile; fileRef = "SwiftSyntax::SwiftSyntax::Product" /* SwiftSyntax.framework */; };
		OBJ_122 /* Package.swift in Sources */ = {isa = PBXBuildFile; fileRef = OBJ_6 /* Package.swift */; };
		OBJ_133 /* CLITests.swift in Sources */ = {isa = PBXBuildFile; fileRef = OBJ_14 /* CLITests.swift */; };
		OBJ_134 /* FileParserTests.swift in Sources */ = {isa = PBXBuildFile; fileRef = OBJ_15 /* FileParserTests.swift */; };
		OBJ_135 /* NegateConditionalsMutationTests.swift in Sources */ = {isa = PBXBuildFile; fileRef = OBJ_16 /* NegateConditionalsMutationTests.swift */; };
		OBJ_136 /* FileManagerSpy.swift in Sources */ = {isa = PBXBuildFile; fileRef = OBJ_18 /* FileManagerSpy.swift */; };
		OBJ_137 /* XCTestExtensions.swift in Sources */ = {isa = PBXBuildFile; fileRef = OBJ_19 /* XCTestExtensions.swift */; };
		OBJ_138 /* XCTestManifests.swift in Sources */ = {isa = PBXBuildFile; fileRef = OBJ_20 /* XCTestManifests.swift */; };
		OBJ_147 /* SwiftSyntax.framework in Frameworks */ = {isa = PBXBuildFile; fileRef = "SwiftSyntax::SwiftSyntax::Product" /* SwiftSyntax.framework */; };
		OBJ_74 /* AbsolutePosition.swift in Sources */ = {isa = PBXBuildFile; fileRef = OBJ_38 /* AbsolutePosition.swift */; };
		OBJ_75 /* AtomicCache.swift in Sources */ = {isa = PBXBuildFile; fileRef = OBJ_39 /* AtomicCache.swift */; };
		OBJ_76 /* ByteTreeDeserialization.swift in Sources */ = {isa = PBXBuildFile; fileRef = OBJ_40 /* ByteTreeDeserialization.swift */; };
		OBJ_77 /* Diagnostic.swift in Sources */ = {isa = PBXBuildFile; fileRef = OBJ_41 /* Diagnostic.swift */; };
		OBJ_78 /* DiagnosticConsumer.swift in Sources */ = {isa = PBXBuildFile; fileRef = OBJ_42 /* DiagnosticConsumer.swift */; };
		OBJ_79 /* DiagnosticEngine.swift in Sources */ = {isa = PBXBuildFile; fileRef = OBJ_43 /* DiagnosticEngine.swift */; };
		OBJ_80 /* JSONDiagnosticConsumer.swift in Sources */ = {isa = PBXBuildFile; fileRef = OBJ_44 /* JSONDiagnosticConsumer.swift */; };
		OBJ_81 /* PrintingDiagnosticConsumer.swift in Sources */ = {isa = PBXBuildFile; fileRef = OBJ_45 /* PrintingDiagnosticConsumer.swift */; };
		OBJ_82 /* RawSyntax.swift in Sources */ = {isa = PBXBuildFile; fileRef = OBJ_46 /* RawSyntax.swift */; };
		OBJ_83 /* SourceLength.swift in Sources */ = {isa = PBXBuildFile; fileRef = OBJ_47 /* SourceLength.swift */; };
		OBJ_84 /* SourcePresence.swift in Sources */ = {isa = PBXBuildFile; fileRef = OBJ_48 /* SourcePresence.swift */; };
		OBJ_85 /* SwiftSyntax.swift in Sources */ = {isa = PBXBuildFile; fileRef = OBJ_49 /* SwiftSyntax.swift */; };
		OBJ_86 /* SwiftcInvocation.swift in Sources */ = {isa = PBXBuildFile; fileRef = OBJ_50 /* SwiftcInvocation.swift */; };
		OBJ_87 /* Syntax.swift in Sources */ = {isa = PBXBuildFile; fileRef = OBJ_51 /* Syntax.swift */; };
		OBJ_88 /* SyntaxChildren.swift in Sources */ = {isa = PBXBuildFile; fileRef = OBJ_52 /* SyntaxChildren.swift */; };
		OBJ_89 /* SyntaxData.swift in Sources */ = {isa = PBXBuildFile; fileRef = OBJ_53 /* SyntaxData.swift */; };
		OBJ_90 /* SyntaxBuilders.swift in Sources */ = {isa = PBXBuildFile; fileRef = OBJ_55 /* SyntaxBuilders.swift */; };
		OBJ_91 /* SyntaxClassifier.swift in Sources */ = {isa = PBXBuildFile; fileRef = OBJ_56 /* SyntaxClassifier.swift */; };
		OBJ_92 /* SyntaxCollections.swift in Sources */ = {isa = PBXBuildFile; fileRef = OBJ_57 /* SyntaxCollections.swift */; };
		OBJ_93 /* SyntaxFactory.swift in Sources */ = {isa = PBXBuildFile; fileRef = OBJ_58 /* SyntaxFactory.swift */; };
		OBJ_94 /* SyntaxKind.swift in Sources */ = {isa = PBXBuildFile; fileRef = OBJ_59 /* SyntaxKind.swift */; };
		OBJ_95 /* SyntaxNodes.swift in Sources */ = {isa = PBXBuildFile; fileRef = OBJ_60 /* SyntaxNodes.swift */; };
		OBJ_96 /* SyntaxRewriter.swift in Sources */ = {isa = PBXBuildFile; fileRef = OBJ_61 /* SyntaxRewriter.swift */; };
		OBJ_97 /* TokenKind.swift in Sources */ = {isa = PBXBuildFile; fileRef = OBJ_62 /* TokenKind.swift */; };
		OBJ_98 /* Trivia.swift in Sources */ = {isa = PBXBuildFile; fileRef = OBJ_63 /* Trivia.swift */; };
/* End PBXBuildFile section */

/* Begin PBXContainerItemProxy section */
		9D1CFA9E21A0D81C005D27DD /* PBXContainerItemProxy */ = {
			isa = PBXContainerItemProxy;
			containerPortal = OBJ_1 /* Project object */;
			proxyType = 1;
			remoteGlobalIDString = "SwiftSyntax::SwiftSyntax";
			remoteInfo = SwiftSyntax;
		};
		9D1CFA9F21A0D81C005D27DD /* PBXContainerItemProxy */ = {
			isa = PBXContainerItemProxy;
			containerPortal = OBJ_1 /* Project object */;
			proxyType = 1;
			remoteGlobalIDString = "muter::muter";
			remoteInfo = muter;
		};
		9D1CFAA021A0D81C005D27DD /* PBXContainerItemProxy */ = {
			isa = PBXContainerItemProxy;
			containerPortal = OBJ_1 /* Project object */;
			proxyType = 1;
			remoteGlobalIDString = "SwiftSyntax::SwiftSyntax";
			remoteInfo = SwiftSyntax;
		};
		9D1CFAA121A0D81E005D27DD /* PBXContainerItemProxy */ = {
			isa = PBXContainerItemProxy;
			containerPortal = OBJ_1 /* Project object */;
			proxyType = 1;
			remoteGlobalIDString = "muter::muterTests";
			remoteInfo = muterTests;
		};
/* End PBXContainerItemProxy section */

/* Begin PBXFileReference section */
		9DAFB67A21A21FB300E4D0BE /* ConfigurationParsingTests.swift */ = {isa = PBXFileReference; lastKnownFileType = sourcecode.swift; name = ConfigurationParsingTests.swift; path = Tests/muterTests/ConfigurationParsingTests.swift; sourceTree = SOURCE_ROOT; };
		9DAFB67C21A2298000E4D0BE /* muter.conf.json */ = {isa = PBXFileReference; lastKnownFileType = text.json; path = muter.conf.json; sourceTree = "<group>"; };
		9DB5571E21A0F04300B4430F /* file1.swift */ = {isa = PBXFileReference; lastKnownFileType = sourcecode.swift; path = file1.swift; sourceTree = "<group>"; };
		9DB5571F21A0F05200B4430F /* file2.swift */ = {isa = PBXFileReference; lastKnownFileType = sourcecode.swift; path = file2.swift; sourceTree = "<group>"; };
		9DB5572221A0F08B00B4430F /* file3.swift */ = {isa = PBXFileReference; lastKnownFileType = sourcecode.swift; path = file3.swift; sourceTree = "<group>"; };
		9DB5572321A0F0A700B4430F /* file4 */ = {isa = PBXFileReference; lastKnownFileType = text; path = file4; sourceTree = "<group>"; };
		9DB5572421A0F0C500B4430F /* file5 */ = {isa = PBXFileReference; lastKnownFileType = text; path = file5; sourceTree = "<group>"; };
		9DB5572621A0F3FB00B4430F /* file6.swift */ = {isa = PBXFileReference; lastKnownFileType = sourcecode.swift; path = file6.swift; sourceTree = "<group>"; };
		9DB5572821A0F45700B4430F /* something.h */ = {isa = PBXFileReference; lastKnownFileType = sourcecode.c.h; path = something.h; sourceTree = "<group>"; };
		9DB5572921A0F45700B4430F /* something.c */ = {isa = PBXFileReference; lastKnownFileType = sourcecode.c.c; path = something.c; sourceTree = "<group>"; };
		OBJ_10 /* NegateConditionalsMutation.swift */ = {isa = PBXFileReference; lastKnownFileType = sourcecode.swift; path = NegateConditionalsMutation.swift; sourceTree = "<group>"; };
		OBJ_11 /* main.swift */ = {isa = PBXFileReference; lastKnownFileType = sourcecode.swift; path = main.swift; sourceTree = "<group>"; };
		OBJ_14 /* CLITests.swift */ = {isa = PBXFileReference; lastKnownFileType = sourcecode.swift; path = CLITests.swift; sourceTree = "<group>"; };
		OBJ_15 /* FileParserTests.swift */ = {isa = PBXFileReference; lastKnownFileType = sourcecode.swift; path = FileParserTests.swift; sourceTree = "<group>"; };
		OBJ_16 /* NegateConditionalsMutationTests.swift */ = {isa = PBXFileReference; lastKnownFileType = sourcecode.swift; path = NegateConditionalsMutationTests.swift; sourceTree = "<group>"; };
		OBJ_18 /* FileManagerSpy.swift */ = {isa = PBXFileReference; lastKnownFileType = sourcecode.swift; path = FileManagerSpy.swift; sourceTree = "<group>"; };
		OBJ_19 /* XCTestExtensions.swift */ = {isa = PBXFileReference; lastKnownFileType = sourcecode.swift; path = XCTestExtensions.swift; sourceTree = "<group>"; };
		OBJ_20 /* XCTestManifests.swift */ = {isa = PBXFileReference; lastKnownFileType = sourcecode.swift; path = XCTestManifests.swift; sourceTree = "<group>"; };
		OBJ_24 /* AppDelegate.swift */ = {isa = PBXFileReference; lastKnownFileType = sourcecode.swift; path = AppDelegate.swift; sourceTree = "<group>"; };
		OBJ_25 /* Module.swift */ = {isa = PBXFileReference; lastKnownFileType = sourcecode.swift; path = Module.swift; sourceTree = "<group>"; };
		OBJ_26 /* ViewController.swift */ = {isa = PBXFileReference; lastKnownFileType = sourcecode.swift; path = ViewController.swift; sourceTree = "<group>"; };
		OBJ_28 /* ModuleTests.swift */ = {isa = PBXFileReference; lastKnownFileType = sourcecode.swift; path = ModuleTests.swift; sourceTree = "<group>"; };
		OBJ_31 /* conditionalBoundary_mutation.swift */ = {isa = PBXFileReference; lastKnownFileType = sourcecode.swift; path = conditionalBoundary_mutation.swift; sourceTree = "<group>"; };
		OBJ_32 /* sample.swift */ = {isa = PBXFileReference; lastKnownFileType = sourcecode.swift; path = sample.swift; sourceTree = "<group>"; };
		OBJ_33 /* Build */ = {isa = PBXFileReference; lastKnownFileType = folder; path = Build; sourceTree = SOURCE_ROOT; };
		OBJ_38 /* AbsolutePosition.swift */ = {isa = PBXFileReference; lastKnownFileType = sourcecode.swift; path = AbsolutePosition.swift; sourceTree = "<group>"; };
		OBJ_39 /* AtomicCache.swift */ = {isa = PBXFileReference; lastKnownFileType = sourcecode.swift; path = AtomicCache.swift; sourceTree = "<group>"; };
		OBJ_40 /* ByteTreeDeserialization.swift */ = {isa = PBXFileReference; lastKnownFileType = sourcecode.swift; path = ByteTreeDeserialization.swift; sourceTree = "<group>"; };
		OBJ_41 /* Diagnostic.swift */ = {isa = PBXFileReference; lastKnownFileType = sourcecode.swift; path = Diagnostic.swift; sourceTree = "<group>"; };
		OBJ_42 /* DiagnosticConsumer.swift */ = {isa = PBXFileReference; lastKnownFileType = sourcecode.swift; path = DiagnosticConsumer.swift; sourceTree = "<group>"; };
		OBJ_43 /* DiagnosticEngine.swift */ = {isa = PBXFileReference; lastKnownFileType = sourcecode.swift; path = DiagnosticEngine.swift; sourceTree = "<group>"; };
		OBJ_44 /* JSONDiagnosticConsumer.swift */ = {isa = PBXFileReference; lastKnownFileType = sourcecode.swift; path = JSONDiagnosticConsumer.swift; sourceTree = "<group>"; };
		OBJ_45 /* PrintingDiagnosticConsumer.swift */ = {isa = PBXFileReference; lastKnownFileType = sourcecode.swift; path = PrintingDiagnosticConsumer.swift; sourceTree = "<group>"; };
		OBJ_46 /* RawSyntax.swift */ = {isa = PBXFileReference; lastKnownFileType = sourcecode.swift; path = RawSyntax.swift; sourceTree = "<group>"; };
		OBJ_47 /* SourceLength.swift */ = {isa = PBXFileReference; lastKnownFileType = sourcecode.swift; path = SourceLength.swift; sourceTree = "<group>"; };
		OBJ_48 /* SourcePresence.swift */ = {isa = PBXFileReference; lastKnownFileType = sourcecode.swift; path = SourcePresence.swift; sourceTree = "<group>"; };
		OBJ_49 /* SwiftSyntax.swift */ = {isa = PBXFileReference; lastKnownFileType = sourcecode.swift; path = SwiftSyntax.swift; sourceTree = "<group>"; };
		OBJ_50 /* SwiftcInvocation.swift */ = {isa = PBXFileReference; lastKnownFileType = sourcecode.swift; path = SwiftcInvocation.swift; sourceTree = "<group>"; };
		OBJ_51 /* Syntax.swift */ = {isa = PBXFileReference; lastKnownFileType = sourcecode.swift; path = Syntax.swift; sourceTree = "<group>"; };
		OBJ_52 /* SyntaxChildren.swift */ = {isa = PBXFileReference; lastKnownFileType = sourcecode.swift; path = SyntaxChildren.swift; sourceTree = "<group>"; };
		OBJ_53 /* SyntaxData.swift */ = {isa = PBXFileReference; lastKnownFileType = sourcecode.swift; path = SyntaxData.swift; sourceTree = "<group>"; };
		OBJ_55 /* SyntaxBuilders.swift */ = {isa = PBXFileReference; lastKnownFileType = sourcecode.swift; path = SyntaxBuilders.swift; sourceTree = "<group>"; };
		OBJ_56 /* SyntaxClassifier.swift */ = {isa = PBXFileReference; lastKnownFileType = sourcecode.swift; path = SyntaxClassifier.swift; sourceTree = "<group>"; };
		OBJ_57 /* SyntaxCollections.swift */ = {isa = PBXFileReference; lastKnownFileType = sourcecode.swift; path = SyntaxCollections.swift; sourceTree = "<group>"; };
		OBJ_58 /* SyntaxFactory.swift */ = {isa = PBXFileReference; lastKnownFileType = sourcecode.swift; path = SyntaxFactory.swift; sourceTree = "<group>"; };
		OBJ_59 /* SyntaxKind.swift */ = {isa = PBXFileReference; lastKnownFileType = sourcecode.swift; path = SyntaxKind.swift; sourceTree = "<group>"; };
		OBJ_6 /* Package.swift */ = {isa = PBXFileReference; explicitFileType = sourcecode.swift; path = Package.swift; sourceTree = "<group>"; };
		OBJ_60 /* SyntaxNodes.swift */ = {isa = PBXFileReference; lastKnownFileType = sourcecode.swift; path = SyntaxNodes.swift; sourceTree = "<group>"; };
		OBJ_61 /* SyntaxRewriter.swift */ = {isa = PBXFileReference; lastKnownFileType = sourcecode.swift; path = SyntaxRewriter.swift; sourceTree = "<group>"; };
		OBJ_62 /* TokenKind.swift */ = {isa = PBXFileReference; lastKnownFileType = sourcecode.swift; path = TokenKind.swift; sourceTree = "<group>"; };
		OBJ_63 /* Trivia.swift */ = {isa = PBXFileReference; lastKnownFileType = sourcecode.swift; path = Trivia.swift; sourceTree = "<group>"; };
		OBJ_64 /* Package.swift */ = {isa = PBXFileReference; explicitFileType = sourcecode.swift; name = Package.swift; path = "/Users/seandorian/Code/Swift/muter/.build/checkouts/swift-syntax.git--1870031806074266623/Package.swift"; sourceTree = "<group>"; };
		OBJ_9 /* FileParser.swift */ = {isa = PBXFileReference; lastKnownFileType = sourcecode.swift; path = FileParser.swift; sourceTree = "<group>"; };
		"SwiftSyntax::SwiftSyntax::Product" /* SwiftSyntax.framework */ = {isa = PBXFileReference; lastKnownFileType = wrapper.framework; path = SwiftSyntax.framework; sourceTree = BUILT_PRODUCTS_DIR; };
		"muter::muter::Product" /* muter */ = {isa = PBXFileReference; lastKnownFileType = text; path = muter; sourceTree = BUILT_PRODUCTS_DIR; };
		"muter::muterTests::Product" /* muterTests.xctest */ = {isa = PBXFileReference; lastKnownFileType = file; path = muterTests.xctest; sourceTree = BUILT_PRODUCTS_DIR; };
/* End PBXFileReference section */

/* Begin PBXFrameworksBuildPhase section */
		OBJ_114 /* Frameworks */ = {
			isa = PBXFrameworksBuildPhase;
			buildActionMask = 0;
			files = (
				OBJ_115 /* SwiftSyntax.framework in Frameworks */,
			);
			runOnlyForDeploymentPostprocessing = 0;
		};
		OBJ_146 /* Frameworks */ = {
			isa = PBXFrameworksBuildPhase;
			buildActionMask = 0;
			files = (
				OBJ_147 /* SwiftSyntax.framework in Frameworks */,
			);
			runOnlyForDeploymentPostprocessing = 0;
		};
		OBJ_99 /* Frameworks */ = {
			isa = PBXFrameworksBuildPhase;
			buildActionMask = 0;
			files = (
			);
			runOnlyForDeploymentPostprocessing = 0;
		};
/* End PBXFrameworksBuildPhase section */

/* Begin PBXGroup section */
		9DB5571D21A0EFEF00B4430F /* FilesToDiscover */ = {
			isa = PBXGroup;
			children = (
				9DB5572721A0F43C00B4430F /* Directory4 */,
				9DB5572121A0F07000B4430F /* Directory2 */,
				9DB5572021A0F06100B4430F /* Directory1 */,
				9DB5571E21A0F04300B4430F /* file1.swift */,
				9DB5571F21A0F05200B4430F /* file2.swift */,
				9DB5572421A0F0C500B4430F /* file5 */,
			);
			path = FilesToDiscover;
			sourceTree = "<group>";
		};
		9DB5572021A0F06100B4430F /* Directory1 */ = {
			isa = PBXGroup;
			children = (
				9DB5572221A0F08B00B4430F /* file3.swift */,
			);
			path = Directory1;
			sourceTree = "<group>";
		};
		9DB5572121A0F07000B4430F /* Directory2 */ = {
			isa = PBXGroup;
			children = (
				9DB5572521A0F3E000B4430F /* Directory3 */,
				9DB5572321A0F0A700B4430F /* file4 */,
			);
			path = Directory2;
			sourceTree = "<group>";
		};
		9DB5572521A0F3E000B4430F /* Directory3 */ = {
			isa = PBXGroup;
			children = (
				9DB5572621A0F3FB00B4430F /* file6.swift */,
			);
			path = Directory3;
			sourceTree = "<group>";
		};
		9DB5572721A0F43C00B4430F /* Directory4 */ = {
			isa = PBXGroup;
			children = (
				9DB5572821A0F45700B4430F /* something.h */,
				9DB5572921A0F45700B4430F /* something.c */,
			);
			path = Directory4;
			sourceTree = "<group>";
		};
		OBJ_12 /* Tests */ = {
			isa = PBXGroup;
			children = (
				OBJ_13 /* muterTests */,
			);
			name = Tests;
			sourceTree = SOURCE_ROOT;
		};
		OBJ_13 /* muterTests */ = {
			isa = PBXGroup;
			children = (
				9DAFB67A21A21FB300E4D0BE /* ConfigurationParsingTests.swift */,
				OBJ_14 /* CLITests.swift */,
				OBJ_15 /* FileParserTests.swift */,
				OBJ_16 /* NegateConditionalsMutationTests.swift */,
				OBJ_17 /* Test Doubles */,
				OBJ_19 /* XCTestExtensions.swift */,
				OBJ_20 /* XCTestManifests.swift */,
				OBJ_21 /* fixtures */,
			);
			name = muterTests;
			path = Tests/muterTests;
			sourceTree = SOURCE_ROOT;
		};
		OBJ_17 /* Test Doubles */ = {
			isa = PBXGroup;
			children = (
				OBJ_18 /* FileManagerSpy.swift */,
			);
			path = "Test Doubles";
			sourceTree = "<group>";
		};
		OBJ_21 /* fixtures */ = {
			isa = PBXGroup;
			children = (
				9DB5571D21A0EFEF00B4430F /* FilesToDiscover */,
				OBJ_22 /* MuterExampleTestSuite */,
				OBJ_31 /* conditionalBoundary_mutation.swift */,
				OBJ_32 /* sample.swift */,
				9DAFB67C21A2298000E4D0BE /* muter.conf.json */,
			);
			path = fixtures;
			sourceTree = "<group>";
		};
		OBJ_22 /* MuterExampleTestSuite */ = {
			isa = PBXGroup;
			children = (
				OBJ_23 /* MuterExampleTestSuite */,
				OBJ_27 /* MuterExampleTestSuiteTests */,
			);
			path = MuterExampleTestSuite;
			sourceTree = "<group>";
		};
		OBJ_23 /* MuterExampleTestSuite */ = {
			isa = PBXGroup;
			children = (
				OBJ_24 /* AppDelegate.swift */,
				OBJ_25 /* Module.swift */,
				OBJ_26 /* ViewController.swift */,
			);
			path = MuterExampleTestSuite;
			sourceTree = "<group>";
		};
		OBJ_27 /* MuterExampleTestSuiteTests */ = {
			isa = PBXGroup;
			children = (
				OBJ_28 /* ModuleTests.swift */,
			);
			path = MuterExampleTestSuiteTests;
			sourceTree = "<group>";
		};
		OBJ_34 /* Dependencies */ = {
			isa = PBXGroup;
			children = (
				OBJ_35 /* SwiftSyntax */,
			);
			name = Dependencies;
			sourceTree = "<group>";
		};
		OBJ_35 /* SwiftSyntax */ = {
			isa = PBXGroup;
			children = (
				OBJ_36 /* lit-test-helper */,
				OBJ_37 /* SwiftSyntax */,
				OBJ_64 /* Package.swift */,
			);
			name = SwiftSyntax;
			sourceTree = SOURCE_ROOT;
		};
		OBJ_36 /* lit-test-helper */ = {
			isa = PBXGroup;
			children = (
			);
			name = "lit-test-helper";
			path = ".build/checkouts/swift-syntax.git--1870031806074266623/Sources/lit-test-helper";
			sourceTree = SOURCE_ROOT;
		};
		OBJ_37 /* SwiftSyntax */ = {
			isa = PBXGroup;
			children = (
				OBJ_38 /* AbsolutePosition.swift */,
				OBJ_39 /* AtomicCache.swift */,
				OBJ_40 /* ByteTreeDeserialization.swift */,
				OBJ_41 /* Diagnostic.swift */,
				OBJ_42 /* DiagnosticConsumer.swift */,
				OBJ_43 /* DiagnosticEngine.swift */,
				OBJ_44 /* JSONDiagnosticConsumer.swift */,
				OBJ_45 /* PrintingDiagnosticConsumer.swift */,
				OBJ_46 /* RawSyntax.swift */,
				OBJ_47 /* SourceLength.swift */,
				OBJ_48 /* SourcePresence.swift */,
				OBJ_49 /* SwiftSyntax.swift */,
				OBJ_50 /* SwiftcInvocation.swift */,
				OBJ_51 /* Syntax.swift */,
				OBJ_52 /* SyntaxChildren.swift */,
				OBJ_53 /* SyntaxData.swift */,
				OBJ_54 /* gyb_generated */,
			);
			name = SwiftSyntax;
			path = ".build/checkouts/swift-syntax.git--1870031806074266623/Sources/SwiftSyntax";
			sourceTree = SOURCE_ROOT;
		};
		OBJ_5 = {
			isa = PBXGroup;
			children = (
				OBJ_6 /* Package.swift */,
				OBJ_7 /* Sources */,
				OBJ_12 /* Tests */,
				OBJ_33 /* Build */,
				OBJ_34 /* Dependencies */,
				OBJ_65 /* Products */,
			);
			sourceTree = "<group>";
		};
		OBJ_54 /* gyb_generated */ = {
			isa = PBXGroup;
			children = (
				OBJ_55 /* SyntaxBuilders.swift */,
				OBJ_56 /* SyntaxClassifier.swift */,
				OBJ_57 /* SyntaxCollections.swift */,
				OBJ_58 /* SyntaxFactory.swift */,
				OBJ_59 /* SyntaxKind.swift */,
				OBJ_60 /* SyntaxNodes.swift */,
				OBJ_61 /* SyntaxRewriter.swift */,
				OBJ_62 /* TokenKind.swift */,
				OBJ_63 /* Trivia.swift */,
			);
			path = gyb_generated;
			sourceTree = "<group>";
		};
		OBJ_65 /* Products */ = {
			isa = PBXGroup;
			children = (
				"muter::muterTests::Product" /* muterTests.xctest */,
				"muter::muter::Product" /* muter */,
				"SwiftSyntax::SwiftSyntax::Product" /* SwiftSyntax.framework */,
			);
			name = Products;
			sourceTree = BUILT_PRODUCTS_DIR;
		};
		OBJ_7 /* Sources */ = {
			isa = PBXGroup;
			children = (
				OBJ_8 /* muter */,
			);
			name = Sources;
			sourceTree = SOURCE_ROOT;
		};
		OBJ_8 /* muter */ = {
			isa = PBXGroup;
			children = (
				OBJ_9 /* FileParser.swift */,
				OBJ_10 /* NegateConditionalsMutation.swift */,
				OBJ_11 /* main.swift */,
			);
			name = muter;
			path = Sources/muter;
			sourceTree = SOURCE_ROOT;
		};
/* End PBXGroup section */

/* Begin PBXNativeTarget section */
		"SwiftSyntax::SwiftPMPackageDescription" /* SwiftSyntaxPackageDescription */ = {
			isa = PBXNativeTarget;
			buildConfigurationList = OBJ_101 /* Build configuration list for PBXNativeTarget "SwiftSyntaxPackageDescription" */;
			buildPhases = (
				OBJ_104 /* Sources */,
			);
			buildRules = (
			);
			dependencies = (
			);
			name = SwiftSyntaxPackageDescription;
			productName = SwiftSyntaxPackageDescription;
			productType = "com.apple.product-type.framework";
		};
		"SwiftSyntax::SwiftSyntax" /* SwiftSyntax */ = {
			isa = PBXNativeTarget;
			buildConfigurationList = OBJ_70 /* Build configuration list for PBXNativeTarget "SwiftSyntax" */;
			buildPhases = (
				OBJ_73 /* Sources */,
				OBJ_99 /* Frameworks */,
			);
			buildRules = (
			);
			dependencies = (
			);
			name = SwiftSyntax;
			productName = SwiftSyntax;
			productReference = "SwiftSyntax::SwiftSyntax::Product" /* SwiftSyntax.framework */;
			productType = "com.apple.product-type.framework";
		};
		"muter::SwiftPMPackageDescription" /* muterPackageDescription */ = {
			isa = PBXNativeTarget;
			buildConfigurationList = OBJ_118 /* Build configuration list for PBXNativeTarget "muterPackageDescription" */;
			buildPhases = (
				OBJ_121 /* Sources */,
			);
			buildRules = (
			);
			dependencies = (
			);
			name = muterPackageDescription;
			productName = muterPackageDescription;
			productType = "com.apple.product-type.framework";
		};
		"muter::muter" /* muter */ = {
			isa = PBXNativeTarget;
			buildConfigurationList = OBJ_107 /* Build configuration list for PBXNativeTarget "muter" */;
			buildPhases = (
				OBJ_110 /* Sources */,
				OBJ_114 /* Frameworks */,
			);
			buildRules = (
			);
			dependencies = (
				OBJ_116 /* PBXTargetDependency */,
			);
			name = muter;
			productName = muter;
			productReference = "muter::muter::Product" /* muter */;
			productType = "com.apple.product-type.tool";
		};
		"muter::muterTests" /* muterTests */ = {
			isa = PBXNativeTarget;
			buildConfigurationList = OBJ_129 /* Build configuration list for PBXNativeTarget "muterTests" */;
			buildPhases = (
				OBJ_132 /* Sources */,
				OBJ_146 /* Frameworks */,
			);
			buildRules = (
			);
			dependencies = (
				OBJ_148 /* PBXTargetDependency */,
				OBJ_149 /* PBXTargetDependency */,
			);
			name = muterTests;
			productName = muterTests;
			productReference = "muter::muterTests::Product" /* muterTests.xctest */;
			productType = "com.apple.product-type.bundle.unit-test";
		};
/* End PBXNativeTarget section */

/* Begin PBXProject section */
		OBJ_1 /* Project object */ = {
			isa = PBXProject;
			attributes = {
				LastUpgradeCheck = 9999;
			};
			buildConfigurationList = OBJ_2 /* Build configuration list for PBXProject "muter" */;
			compatibilityVersion = "Xcode 3.2";
			developmentRegion = English;
			hasScannedForEncodings = 0;
			knownRegions = (
				en,
			);
			mainGroup = OBJ_5;
			productRefGroup = OBJ_65 /* Products */;
			projectDirPath = "";
			projectRoot = "";
			targets = (
				"SwiftSyntax::SwiftSyntax" /* SwiftSyntax */,
				"SwiftSyntax::SwiftPMPackageDescription" /* SwiftSyntaxPackageDescription */,
				"muter::muter" /* muter */,
				"muter::SwiftPMPackageDescription" /* muterPackageDescription */,
				"muter::muterPackageTests::ProductTarget" /* muterPackageTests */,
				"muter::muterTests" /* muterTests */,
			);
		};
/* End PBXProject section */

/* Begin PBXSourcesBuildPhase section */
		OBJ_104 /* Sources */ = {
			isa = PBXSourcesBuildPhase;
			buildActionMask = 0;
			files = (
				OBJ_105 /* Package.swift in Sources */,
			);
			runOnlyForDeploymentPostprocessing = 0;
		};
		OBJ_110 /* Sources */ = {
			isa = PBXSourcesBuildPhase;
			buildActionMask = 0;
			files = (
				OBJ_111 /* FileParser.swift in Sources */,
				OBJ_112 /* NegateConditionalsMutation.swift in Sources */,
				OBJ_113 /* main.swift in Sources */,
			);
			runOnlyForDeploymentPostprocessing = 0;
		};
		OBJ_121 /* Sources */ = {
			isa = PBXSourcesBuildPhase;
			buildActionMask = 0;
			files = (
				OBJ_122 /* Package.swift in Sources */,
			);
			runOnlyForDeploymentPostprocessing = 0;
		};
		OBJ_132 /* Sources */ = {
			isa = PBXSourcesBuildPhase;
			buildActionMask = 0;
			files = (
				9D1CFAA221A0D87B005D27DD /* FileParser.swift in Sources */,
				9D1CFAA321A0D87B005D27DD /* NegateConditionalsMutation.swift in Sources */,
				OBJ_133 /* CLITests.swift in Sources */,
				9DAFB67B21A21FB300E4D0BE /* ConfigurationParsingTests.swift in Sources */,
				OBJ_134 /* FileParserTests.swift in Sources */,
				OBJ_135 /* NegateConditionalsMutationTests.swift in Sources */,
				OBJ_136 /* FileManagerSpy.swift in Sources */,
				OBJ_137 /* XCTestExtensions.swift in Sources */,
				OBJ_138 /* XCTestManifests.swift in Sources */,
			);
			runOnlyForDeploymentPostprocessing = 0;
		};
		OBJ_73 /* Sources */ = {
			isa = PBXSourcesBuildPhase;
			buildActionMask = 0;
			files = (
				OBJ_74 /* AbsolutePosition.swift in Sources */,
				OBJ_75 /* AtomicCache.swift in Sources */,
				OBJ_76 /* ByteTreeDeserialization.swift in Sources */,
				OBJ_77 /* Diagnostic.swift in Sources */,
				OBJ_78 /* DiagnosticConsumer.swift in Sources */,
				OBJ_79 /* DiagnosticEngine.swift in Sources */,
				OBJ_80 /* JSONDiagnosticConsumer.swift in Sources */,
				OBJ_81 /* PrintingDiagnosticConsumer.swift in Sources */,
				OBJ_82 /* RawSyntax.swift in Sources */,
				OBJ_83 /* SourceLength.swift in Sources */,
				OBJ_84 /* SourcePresence.swift in Sources */,
				OBJ_85 /* SwiftSyntax.swift in Sources */,
				OBJ_86 /* SwiftcInvocation.swift in Sources */,
				OBJ_87 /* Syntax.swift in Sources */,
				OBJ_88 /* SyntaxChildren.swift in Sources */,
				OBJ_89 /* SyntaxData.swift in Sources */,
				OBJ_90 /* SyntaxBuilders.swift in Sources */,
				OBJ_91 /* SyntaxClassifier.swift in Sources */,
				OBJ_92 /* SyntaxCollections.swift in Sources */,
				OBJ_93 /* SyntaxFactory.swift in Sources */,
				OBJ_94 /* SyntaxKind.swift in Sources */,
				OBJ_95 /* SyntaxNodes.swift in Sources */,
				OBJ_96 /* SyntaxRewriter.swift in Sources */,
				OBJ_97 /* TokenKind.swift in Sources */,
				OBJ_98 /* Trivia.swift in Sources */,
			);
			runOnlyForDeploymentPostprocessing = 0;
		};
/* End PBXSourcesBuildPhase section */

/* Begin PBXTargetDependency section */
		OBJ_116 /* PBXTargetDependency */ = {
			isa = PBXTargetDependency;
			target = "SwiftSyntax::SwiftSyntax" /* SwiftSyntax */;
			targetProxy = 9D1CFA9E21A0D81C005D27DD /* PBXContainerItemProxy */;
		};
		OBJ_127 /* PBXTargetDependency */ = {
			isa = PBXTargetDependency;
			target = "muter::muterTests" /* muterTests */;
			targetProxy = 9D1CFAA121A0D81E005D27DD /* PBXContainerItemProxy */;
		};
		OBJ_148 /* PBXTargetDependency */ = {
			isa = PBXTargetDependency;
			target = "muter::muter" /* muter */;
			targetProxy = 9D1CFA9F21A0D81C005D27DD /* PBXContainerItemProxy */;
		};
		OBJ_149 /* PBXTargetDependency */ = {
			isa = PBXTargetDependency;
			target = "SwiftSyntax::SwiftSyntax" /* SwiftSyntax */;
			targetProxy = 9D1CFAA021A0D81C005D27DD /* PBXContainerItemProxy */;
		};
/* End PBXTargetDependency section */

/* Begin XCBuildConfiguration section */
		OBJ_102 /* Debug */ = {
			isa = XCBuildConfiguration;
			buildSettings = {
				LD = /usr/bin/true;
				OTHER_SWIFT_FLAGS = "-swift-version 4.2 -I $(TOOLCHAIN_DIR)/usr/lib/swift/pm/4_2 -target x86_64-apple-macosx10.10 -sdk /Applications/Xcode-beta.app/Contents/Developer/Platforms/MacOSX.platform/Developer/SDKs/MacOSX10.14.sdk";
				SWIFT_VERSION = 4.2;
			};
			name = Debug;
		};
		OBJ_103 /* Release */ = {
			isa = XCBuildConfiguration;
			buildSettings = {
				LD = /usr/bin/true;
				OTHER_SWIFT_FLAGS = "-swift-version 4.2 -I $(TOOLCHAIN_DIR)/usr/lib/swift/pm/4_2 -target x86_64-apple-macosx10.10 -sdk /Applications/Xcode-beta.app/Contents/Developer/Platforms/MacOSX.platform/Developer/SDKs/MacOSX10.14.sdk";
				SWIFT_VERSION = 4.2;
			};
			name = Release;
		};
		OBJ_108 /* Debug */ = {
			isa = XCBuildConfiguration;
			buildSettings = {
				FRAMEWORK_SEARCH_PATHS = (
					"$(inherited)",
					"$(PLATFORM_DIR)/Developer/Library/Frameworks",
				);
				HEADER_SEARCH_PATHS = "$(inherited)";
				INFOPLIST_FILE = muter.xcodeproj/muter_Info.plist;
				LD_RUNPATH_SEARCH_PATHS = "$(inherited) $(TOOLCHAIN_DIR)/usr/lib/swift/macosx @executable_path";
				OTHER_CFLAGS = "$(inherited)";
				OTHER_LDFLAGS = "$(inherited)";
				OTHER_SWIFT_FLAGS = "$(inherited)";
				SWIFT_ACTIVE_COMPILATION_CONDITIONS = "$(inherited)";
				SWIFT_FORCE_DYNAMIC_LINK_STDLIB = YES;
				SWIFT_FORCE_STATIC_LINK_STDLIB = NO;
				SWIFT_VERSION = 4.2;
				TARGET_NAME = muter;
			};
			name = Debug;
		};
		OBJ_109 /* Release */ = {
			isa = XCBuildConfiguration;
			buildSettings = {
				FRAMEWORK_SEARCH_PATHS = (
					"$(inherited)",
					"$(PLATFORM_DIR)/Developer/Library/Frameworks",
				);
				HEADER_SEARCH_PATHS = "$(inherited)";
				INFOPLIST_FILE = muter.xcodeproj/muter_Info.plist;
				LD_RUNPATH_SEARCH_PATHS = "$(inherited) $(TOOLCHAIN_DIR)/usr/lib/swift/macosx @executable_path";
				OTHER_CFLAGS = "$(inherited)";
				OTHER_LDFLAGS = "$(inherited)";
				OTHER_SWIFT_FLAGS = "$(inherited)";
				SWIFT_ACTIVE_COMPILATION_CONDITIONS = "$(inherited)";
				SWIFT_FORCE_DYNAMIC_LINK_STDLIB = YES;
				SWIFT_FORCE_STATIC_LINK_STDLIB = NO;
				SWIFT_VERSION = 4.2;
				TARGET_NAME = muter;
			};
			name = Release;
		};
		OBJ_119 /* Debug */ = {
			isa = XCBuildConfiguration;
			buildSettings = {
				LD = /usr/bin/true;
				OTHER_SWIFT_FLAGS = "-swift-version 4.2 -I $(TOOLCHAIN_DIR)/usr/lib/swift/pm/4_2 -target x86_64-apple-macosx10.10 -sdk /Applications/Xcode-beta.app/Contents/Developer/Platforms/MacOSX.platform/Developer/SDKs/MacOSX10.14.sdk";
				SWIFT_VERSION = 4.2;
			};
			name = Debug;
		};
		OBJ_120 /* Release */ = {
			isa = XCBuildConfiguration;
			buildSettings = {
				LD = /usr/bin/true;
				OTHER_SWIFT_FLAGS = "-swift-version 4.2 -I $(TOOLCHAIN_DIR)/usr/lib/swift/pm/4_2 -target x86_64-apple-macosx10.10 -sdk /Applications/Xcode-beta.app/Contents/Developer/Platforms/MacOSX.platform/Developer/SDKs/MacOSX10.14.sdk";
				SWIFT_VERSION = 4.2;
			};
			name = Release;
		};
		OBJ_125 /* Debug */ = {
			isa = XCBuildConfiguration;
			buildSettings = {
			};
			name = Debug;
		};
		OBJ_126 /* Release */ = {
			isa = XCBuildConfiguration;
			buildSettings = {
			};
			name = Release;
		};
		OBJ_130 /* Debug */ = {
			isa = XCBuildConfiguration;
			buildSettings = {
				CLANG_ENABLE_MODULES = YES;
				EMBEDDED_CONTENT_CONTAINS_SWIFT = YES;
				FRAMEWORK_SEARCH_PATHS = (
					"$(inherited)",
					"$(PLATFORM_DIR)/Developer/Library/Frameworks",
				);
				HEADER_SEARCH_PATHS = "$(inherited)";
				INFOPLIST_FILE = muter.xcodeproj/muterTests_Info.plist;
				LD_RUNPATH_SEARCH_PATHS = "$(inherited) @loader_path/../Frameworks @loader_path/Frameworks";
				OTHER_CFLAGS = "$(inherited)";
				OTHER_LDFLAGS = "$(inherited)";
				OTHER_SWIFT_FLAGS = "$(inherited)";
				SWIFT_ACTIVE_COMPILATION_CONDITIONS = "$(inherited)";
				SWIFT_VERSION = 4.2;
				TARGET_NAME = muterTests;
			};
			name = Debug;
		};
		OBJ_131 /* Release */ = {
			isa = XCBuildConfiguration;
			buildSettings = {
				CLANG_ENABLE_MODULES = YES;
				EMBEDDED_CONTENT_CONTAINS_SWIFT = YES;
				FRAMEWORK_SEARCH_PATHS = (
					"$(inherited)",
					"$(PLATFORM_DIR)/Developer/Library/Frameworks",
				);
				HEADER_SEARCH_PATHS = "$(inherited)";
				INFOPLIST_FILE = muter.xcodeproj/muterTests_Info.plist;
				LD_RUNPATH_SEARCH_PATHS = "$(inherited) @loader_path/../Frameworks @loader_path/Frameworks";
				OTHER_CFLAGS = "$(inherited)";
				OTHER_LDFLAGS = "$(inherited)";
				OTHER_SWIFT_FLAGS = "$(inherited)";
				SWIFT_ACTIVE_COMPILATION_CONDITIONS = "$(inherited)";
				SWIFT_VERSION = 4.2;
				TARGET_NAME = muterTests;
			};
			name = Release;
		};
		OBJ_3 /* Debug */ = {
			isa = XCBuildConfiguration;
			buildSettings = {
				CLANG_ENABLE_OBJC_ARC = YES;
				COMBINE_HIDPI_IMAGES = YES;
				COPY_PHASE_STRIP = NO;
				DEBUG_INFORMATION_FORMAT = dwarf;
				DYLIB_INSTALL_NAME_BASE = "@rpath";
				ENABLE_NS_ASSERTIONS = YES;
				GCC_OPTIMIZATION_LEVEL = 0;
				GCC_PREPROCESSOR_DEFINITIONS = (
					"DEBUG=1",
					"$(inherited)",
				);
				MACOSX_DEPLOYMENT_TARGET = 10.10;
				ONLY_ACTIVE_ARCH = YES;
				OTHER_SWIFT_FLAGS = "-DXcode";
				PRODUCT_NAME = "$(TARGET_NAME)";
				SDKROOT = macosx;
				SUPPORTED_PLATFORMS = "macosx iphoneos iphonesimulator appletvos appletvsimulator watchos watchsimulator";
				SWIFT_ACTIVE_COMPILATION_CONDITIONS = "SWIFT_PACKAGE DEBUG";
				SWIFT_OPTIMIZATION_LEVEL = "-Onone";
				USE_HEADERMAP = NO;
			};
			name = Debug;
		};
		OBJ_4 /* Release */ = {
			isa = XCBuildConfiguration;
			buildSettings = {
				CLANG_ENABLE_OBJC_ARC = YES;
				COMBINE_HIDPI_IMAGES = YES;
				COPY_PHASE_STRIP = YES;
				DEBUG_INFORMATION_FORMAT = "dwarf-with-dsym";
				DYLIB_INSTALL_NAME_BASE = "@rpath";
				GCC_OPTIMIZATION_LEVEL = s;
				MACOSX_DEPLOYMENT_TARGET = 10.10;
				OTHER_SWIFT_FLAGS = "-DXcode";
				PRODUCT_NAME = "$(TARGET_NAME)";
				SDKROOT = macosx;
				SUPPORTED_PLATFORMS = "macosx iphoneos iphonesimulator appletvos appletvsimulator watchos watchsimulator";
				SWIFT_ACTIVE_COMPILATION_CONDITIONS = SWIFT_PACKAGE;
				SWIFT_OPTIMIZATION_LEVEL = "-Owholemodule";
				USE_HEADERMAP = NO;
			};
			name = Release;
		};
		OBJ_71 /* Debug */ = {
			isa = XCBuildConfiguration;
			buildSettings = {
				ENABLE_TESTABILITY = YES;
				FRAMEWORK_SEARCH_PATHS = (
					"$(inherited)",
					"$(PLATFORM_DIR)/Developer/Library/Frameworks",
				);
				HEADER_SEARCH_PATHS = "$(inherited)";
				INFOPLIST_FILE = muter.xcodeproj/SwiftSyntax_Info.plist;
				LD_RUNPATH_SEARCH_PATHS = "$(inherited) $(TOOLCHAIN_DIR)/usr/lib/swift/macosx";
				OTHER_CFLAGS = "$(inherited)";
				OTHER_LDFLAGS = "$(inherited)";
				OTHER_SWIFT_FLAGS = "$(inherited)";
				PRODUCT_BUNDLE_IDENTIFIER = SwiftSyntax;
				PRODUCT_MODULE_NAME = "$(TARGET_NAME:c99extidentifier)";
				PRODUCT_NAME = "$(TARGET_NAME:c99extidentifier)";
				SKIP_INSTALL = YES;
				SWIFT_ACTIVE_COMPILATION_CONDITIONS = "$(inherited)";
				SWIFT_VERSION = 4.2;
				TARGET_NAME = SwiftSyntax;
			};
			name = Debug;
		};
		OBJ_72 /* Release */ = {
			isa = XCBuildConfiguration;
			buildSettings = {
				ENABLE_TESTABILITY = YES;
				FRAMEWORK_SEARCH_PATHS = (
					"$(inherited)",
					"$(PLATFORM_DIR)/Developer/Library/Frameworks",
				);
				HEADER_SEARCH_PATHS = "$(inherited)";
				INFOPLIST_FILE = muter.xcodeproj/SwiftSyntax_Info.plist;
				LD_RUNPATH_SEARCH_PATHS = "$(inherited) $(TOOLCHAIN_DIR)/usr/lib/swift/macosx";
				OTHER_CFLAGS = "$(inherited)";
				OTHER_LDFLAGS = "$(inherited)";
				OTHER_SWIFT_FLAGS = "$(inherited)";
				PRODUCT_BUNDLE_IDENTIFIER = SwiftSyntax;
				PRODUCT_MODULE_NAME = "$(TARGET_NAME:c99extidentifier)";
				PRODUCT_NAME = "$(TARGET_NAME:c99extidentifier)";
				SKIP_INSTALL = YES;
				SWIFT_ACTIVE_COMPILATION_CONDITIONS = "$(inherited)";
				SWIFT_VERSION = 4.2;
				TARGET_NAME = SwiftSyntax;
			};
			name = Release;
		};
/* End XCBuildConfiguration section */

/* Begin XCConfigurationList section */
		OBJ_101 /* Build configuration list for PBXNativeTarget "SwiftSyntaxPackageDescription" */ = {
			isa = XCConfigurationList;
			buildConfigurations = (
				OBJ_102 /* Debug */,
				OBJ_103 /* Release */,
			);
			defaultConfigurationIsVisible = 0;
			defaultConfigurationName = Release;
		};
		OBJ_107 /* Build configuration list for PBXNativeTarget "muter" */ = {
			isa = XCConfigurationList;
			buildConfigurations = (
				OBJ_108 /* Debug */,
				OBJ_109 /* Release */,
			);
			defaultConfigurationIsVisible = 0;
			defaultConfigurationName = Release;
		};
		OBJ_118 /* Build configuration list for PBXNativeTarget "muterPackageDescription" */ = {
			isa = XCConfigurationList;
			buildConfigurations = (
				OBJ_119 /* Debug */,
				OBJ_120 /* Release */,
			);
			defaultConfigurationIsVisible = 0;
			defaultConfigurationName = Release;
		};
		OBJ_124 /* Build configuration list for PBXAggregateTarget "muterPackageTests" */ = {
			isa = XCConfigurationList;
			buildConfigurations = (
				OBJ_125 /* Debug */,
				OBJ_126 /* Release */,
			);
			defaultConfigurationIsVisible = 0;
			defaultConfigurationName = Release;
		};
		OBJ_129 /* Build configuration list for PBXNativeTarget "muterTests" */ = {
			isa = XCConfigurationList;
			buildConfigurations = (
				OBJ_130 /* Debug */,
				OBJ_131 /* Release */,
			);
			defaultConfigurationIsVisible = 0;
			defaultConfigurationName = Release;
		};
		OBJ_2 /* Build configuration list for PBXProject "muter" */ = {
			isa = XCConfigurationList;
			buildConfigurations = (
				OBJ_3 /* Debug */,
				OBJ_4 /* Release */,
			);
			defaultConfigurationIsVisible = 0;
			defaultConfigurationName = Release;
		};
		OBJ_70 /* Build configuration list for PBXNativeTarget "SwiftSyntax" */ = {
			isa = XCConfigurationList;
			buildConfigurations = (
				OBJ_71 /* Debug */,
				OBJ_72 /* Release */,
			);
			defaultConfigurationIsVisible = 0;
			defaultConfigurationName = Release;
		};
/* End XCConfigurationList section */
	};
	rootObject = OBJ_1 /* Project object */;
}
